// !$*UTF8*$!
{
	archiveVersion = 1;
	classes = {
	};
	objectVersion = 46;
	objects = {

/* Begin PBXBuildFile section */
		10038FFA1807B1E6008B9453 /* playerData.plist in Resources */ = {isa = PBXBuildFile; fileRef = 10038FF91807B1E6008B9453 /* playerData.plist */; };
		10038FFC1807D2A8008B9453 /* manualPages.plist in Resources */ = {isa = PBXBuildFile; fileRef = 10038FFB1807D2A8008B9453 /* manualPages.plist */; };
		10038FFF1807D41C008B9453 /* VCKiManualPageContentSerializer.m in Sources */ = {isa = PBXBuildFile; fileRef = 10038FFE1807D41C008B9453 /* VCKiManualPageContentSerializer.m */; };
		1003900218084F9F008B9453 /* VCKiPlayerEntity.m in Sources */ = {isa = PBXBuildFile; fileRef = 1003900118084F9F008B9453 /* VCKiPlayerEntity.m */; };
		10039005180863C8008B9453 /* VCKiPlayerRecordReader.m in Sources */ = {isa = PBXBuildFile; fileRef = 10039004180863C8008B9453 /* VCKiPlayerRecordReader.m */; };
		100390081808782B008B9453 /* VCKiPlayScreenViewCtrl.m in Sources */ = {isa = PBXBuildFile; fileRef = 100390071808782B008B9453 /* VCKiPlayScreenViewCtrl.m */; };
		1006120C1834187800FDE096 /* VCKiFinalResultViewController.m in Sources */ = {isa = PBXBuildFile; fileRef = 1006120B1834187800FDE096 /* VCKiFinalResultViewController.m */; };
		101420C01828B448001FF7FF /* VCKiTimerViewController.m in Sources */ = {isa = PBXBuildFile; fileRef = 101420BF1828B448001FF7FF /* VCKiTimerViewController.m */; };
		10185A22182FEC0300F5AF17 /* VCKiPlayResultViewController.m in Sources */ = {isa = PBXBuildFile; fileRef = 10185A21182FEC0300F5AF17 /* VCKiPlayResultViewController.m */; };
		101B953B1804971C009FD942 /* VCKiManualPagesViewCtrl.m in Sources */ = {isa = PBXBuildFile; fileRef = 101B953A1804971C009FD942 /* VCKiManualPagesViewCtrl.m */; };
		101B953E180498B0009FD942 /* VCKiRootPageViewCtrl.m in Sources */ = {isa = PBXBuildFile; fileRef = 101B953D180498B0009FD942 /* VCKiRootPageViewCtrl.m */; };
		10242AB3183EF9FA00DBF9F2 /* iPhonePlayerCardsMain3_5firmfactor.storyboard in Resources */ = {isa = PBXBuildFile; fileRef = 10242AB2183EF9FA00DBF9F2 /* iPhonePlayerCardsMain3_5firmfactor.storyboard */; };
		1031F980182E2C1F00637D9E /* VCKiSeondarySquatViewController.m in Sources */ = {isa = PBXBuildFile; fileRef = 1031F97F182E2C1F00637D9E /* VCKiSeondarySquatViewController.m */; };
		103433CA180DBA8B00058CC1 /* 1.png in Resources */ = {isa = PBXBuildFile; fileRef = 103433C9180DBA8B00058CC1 /* 1.png */; };
		103433CC180DBF5F00058CC1 /* 2.png in Resources */ = {isa = PBXBuildFile; fileRef = 103433CB180DBF5F00058CC1 /* 2.png */; };
		1042BE8617FC829D00FE9298 /* Foundation.framework in Frameworks */ = {isa = PBXBuildFile; fileRef = 1042BE8517FC829D00FE9298 /* Foundation.framework */; };
		1042BE8817FC829D00FE9298 /* CoreGraphics.framework in Frameworks */ = {isa = PBXBuildFile; fileRef = 1042BE8717FC829D00FE9298 /* CoreGraphics.framework */; };
		1042BE8A17FC829D00FE9298 /* UIKit.framework in Frameworks */ = {isa = PBXBuildFile; fileRef = 1042BE8917FC829D00FE9298 /* UIKit.framework */; };
		1042BE9017FC829D00FE9298 /* InfoPlist.strings in Resources */ = {isa = PBXBuildFile; fileRef = 1042BE8E17FC829D00FE9298 /* InfoPlist.strings */; };
		1042BE9217FC829D00FE9298 /* main.m in Sources */ = {isa = PBXBuildFile; fileRef = 1042BE9117FC829D00FE9298 /* main.m */; };
		1042BE9617FC829D00FE9298 /* VCKiAppDelegate.m in Sources */ = {isa = PBXBuildFile; fileRef = 1042BE9517FC829D00FE9298 /* VCKiAppDelegate.m */; };
		1042BE9817FC829D00FE9298 /* Images.xcassets in Resources */ = {isa = PBXBuildFile; fileRef = 1042BE9717FC829D00FE9298 /* Images.xcassets */; };
		1042BE9F17FC829D00FE9298 /* XCTest.framework in Frameworks */ = {isa = PBXBuildFile; fileRef = 1042BE9E17FC829D00FE9298 /* XCTest.framework */; };
		1042BEA017FC829D00FE9298 /* Foundation.framework in Frameworks */ = {isa = PBXBuildFile; fileRef = 1042BE8517FC829D00FE9298 /* Foundation.framework */; };
		1042BEA117FC829D00FE9298 /* UIKit.framework in Frameworks */ = {isa = PBXBuildFile; fileRef = 1042BE8917FC829D00FE9298 /* UIKit.framework */; };
		1042BEA917FC829D00FE9298 /* InfoPlist.strings in Resources */ = {isa = PBXBuildFile; fileRef = 1042BEA717FC829D00FE9298 /* InfoPlist.strings */; };
		1042BEAB17FC829D00FE9298 /* PlayerCardsTests.m in Sources */ = {isa = PBXBuildFile; fileRef = 1042BEAA17FC829D00FE9298 /* PlayerCardsTests.m */; };
		1042BEBE17FDF35100FE9298 /* VCKiIntroViews.m in Sources */ = {isa = PBXBuildFile; fileRef = 1042BEBD17FDF35100FE9298 /* VCKiIntroViews.m */; };
		10487D45183E149F0087B377 /* 132-ghost.png in Resources */ = {isa = PBXBuildFile; fileRef = 10487D43183E149F0087B377 /* 132-ghost.png */; };
		10487D46183E149F0087B377 /* 135-hockeymask.png in Resources */ = {isa = PBXBuildFile; fileRef = 10487D44183E149F0087B377 /* 135-hockeymask.png */; };
		10487D48183E17F00087B377 /* 156-controlpad.png in Resources */ = {isa = PBXBuildFile; fileRef = 10487D47183E17F00087B377 /* 156-controlpad.png */; };
		104925A7198C083400706441 /* A Flower.jpg in Resources */ = {isa = PBXBuildFile; fileRef = 10492549198C083300706441 /* A Flower.jpg */; };
		104925A8198C083400706441 /* A Jadeja.jpg in Resources */ = {isa = PBXBuildFile; fileRef = 1049254A198C083300706441 /* A Jadeja.jpg */; };
		104925A9198C083400706441 /* A Kumble.jpg in Resources */ = {isa = PBXBuildFile; fileRef = 1049254B198C083300706441 /* A Kumble.jpg */; };
		104925AA198C083400706441 /* A Ranatunga.jpg in Resources */ = {isa = PBXBuildFile; fileRef = 1049254C198C083300706441 /* A Ranatunga.jpg */; };
		104925AB198C083400706441 /* A Symonds.jpg in Resources */ = {isa = PBXBuildFile; fileRef = 1049254D198C083300706441 /* A Symonds.jpg */; };
		104925AC198C083400706441 /* AB Agarkar.jpg in Resources */ = {isa = PBXBuildFile; fileRef = 1049254E198C083300706441 /* AB Agarkar.jpg */; };
		104925AD198C083400706441 /* Abdul Razzaq.jpg in Resources */ = {isa = PBXBuildFile; fileRef = 1049254F198C083300706441 /* Abdul Razzaq.jpg */; };
		104925AE198C083400706441 /* AC Gilchrist.jpg in Resources */ = {isa = PBXBuildFile; fileRef = 10492550198C083300706441 /* AC Gilchrist.jpg */; };
		104925AF198C083400706441 /* AC Parore.jpg in Resources */ = {isa = PBXBuildFile; fileRef = 10492551198C083300706441 /* AC Parore.jpg */; };
		104925B0198C083400706441 /* ADR Campbell.jpg in Resources */ = {isa = PBXBuildFile; fileRef = 10492552198C083400706441 /* ADR Campbell.jpg */; };
		104925B1198C083400706441 /* AJ Stewart.jpg in Resources */ = {isa = PBXBuildFile; fileRef = 10492553198C083400706441 /* AJ Stewart.jpg */; };
		104925B2198C083400706441 /* AR Border.jpg in Resources */ = {isa = PBXBuildFile; fileRef = 10492554198C083400706441 /* AR Border.jpg */; };
		104925B3198C083400706441 /* B Lee.jpg in Resources */ = {isa = PBXBuildFile; fileRef = 10492555198C083400706441 /* B Lee.jpg */; };
		104925B4198C083400706441 /* BB McCullum.jpg in Resources */ = {isa = PBXBuildFile; fileRef = 10492556198C083400706441 /* BB McCullum.jpg */; };
		104925B5198C083400706441 /* BC Lara.jpg in Resources */ = {isa = PBXBuildFile; fileRef = 10492557198C083400706441 /* BC Lara.jpg */; };
		104925B6198C083400706441 /* CA Walsh.jpg in Resources */ = {isa = PBXBuildFile; fileRef = 10492558198C083400706441 /* CA Walsh.jpg */; };
		104925B7198C083400706441 /* CD McMillan.jpg in Resources */ = {isa = PBXBuildFile; fileRef = 10492559198C083400706441 /* CD McMillan.jpg */; };
		104925B8198C083400706441 /* CEL Ambrose.jpg in Resources */ = {isa = PBXBuildFile; fileRef = 1049255A198C083400706441 /* CEL Ambrose.jpg */; };
		104925B9198C083400706441 /* CH Gayle.jpg in Resources */ = {isa = PBXBuildFile; fileRef = 1049255B198C083400706441 /* CH Gayle.jpg */; };
		104925BA198C083400706441 /* CL Cairns.jpg in Resources */ = {isa = PBXBuildFile; fileRef = 1049255C198C083400706441 /* CL Cairns.jpg */; };
		104925BB198C083400706441 /* CL Hooper.jpg in Resources */ = {isa = PBXBuildFile; fileRef = 1049255D198C083400706441 /* CL Hooper.jpg */; };
		104925BD198C083400706441 /* CZ Harris.jpg in Resources */ = {isa = PBXBuildFile; fileRef = 1049255F198C083400706441 /* CZ Harris.jpg */; };
		104925BE198C083400706441 /* DC Boon.jpg in Resources */ = {isa = PBXBuildFile; fileRef = 10492560198C083400706441 /* DC Boon.jpg */; };
		104925BF198C083400706441 /* DL Haynes.jpg in Resources */ = {isa = PBXBuildFile; fileRef = 10492561198C083400706441 /* DL Haynes.jpg */; };
		104925C0198C083400706441 /* DL Vettori.jpg in Resources */ = {isa = PBXBuildFile; fileRef = 10492562198C083400706441 /* DL Vettori.jpg */; };
		104925C1198C083400706441 /* DR Martyn.jpg in Resources */ = {isa = PBXBuildFile; fileRef = 10492563198C083400706441 /* DR Martyn.jpg */; };
		104925C2198C083400706441 /* G Kirsten.jpg in Resources */ = {isa = PBXBuildFile; fileRef = 10492564198C083400706441 /* G Kirsten.jpg */; };
		104925C3198C083400706441 /* GC Smith.jpg in Resources */ = {isa = PBXBuildFile; fileRef = 10492565198C083400706441 /* GC Smith.jpg */; };
		104925C4198C083400706441 /* GD McGrath.jpg in Resources */ = {isa = PBXBuildFile; fileRef = 10492566198C083400706441 /* GD McGrath.jpg */; };
		104925C5198C083400706441 /* GW Flower.jpg in Resources */ = {isa = PBXBuildFile; fileRef = 10492567198C083400706441 /* GW Flower.jpg */; };
		104925C6198C083400706441 /* Harbhajan Singh.jpg in Resources */ = {isa = PBXBuildFile; fileRef = 10492568198C083400706441 /* Harbhajan Singh.jpg */; };
		104925C7198C083400706441 /* HH Gibbs.jpg in Resources */ = {isa = PBXBuildFile; fileRef = 10492569198C083400706441 /* HH Gibbs.jpg */; };
		104925C8198C083400706441 /* HH Streak.jpg in Resources */ = {isa = PBXBuildFile; fileRef = 1049256A198C083400706441 /* HH Streak.jpg */; };
		104925C9198C083400706441 /* HP Tillakaratne.jpg in Resources */ = {isa = PBXBuildFile; fileRef = 1049256B198C083400706441 /* HP Tillakaratne.jpg */; };
		104925CA198C083400706441 /* IA Healy.jpg in Resources */ = {isa = PBXBuildFile; fileRef = 1049256C198C083400706441 /* IA Healy.jpg */; };
		104925CB198C083400706441 /* Ijaz Ahmed.jpg in Resources */ = {isa = PBXBuildFile; fileRef = 1049256D198C083400706441 /* Ijaz Ahmed.jpg */; };
		104925CC198C083400706441 /* Imran Khan.jpg in Resources */ = {isa = PBXBuildFile; fileRef = 1049256E198C083400706441 /* Imran Khan.jpg */; };
		104925CD198C083400706441 /* IVA Richards.jpg in Resources */ = {isa = PBXBuildFile; fileRef = 1049256F198C083400706441 /* IVA Richards.jpg */; };
		104925CE198C083400706441 /* J Srinath.jpg in Resources */ = {isa = PBXBuildFile; fileRef = 10492570198C083400706441 /* J Srinath.jpg */; };
		104925CF198C083400706441 /* Javed Miandad.jpg in Resources */ = {isa = PBXBuildFile; fileRef = 10492571198C083400706441 /* Javed Miandad.jpg */; };
		104925D0198C083400706441 /* JH Kallis.jpg in Resources */ = {isa = PBXBuildFile; fileRef = 10492572198C083400706441 /* JH Kallis.jpg */; };
		104925D1198C083400706441 /* JM Anderson.jpg in Resources */ = {isa = PBXBuildFile; fileRef = 10492573198C083400706441 /* JM Anderson.jpg */; };
		104925D2198C083400706441 /* JN Rhodes.jpg in Resources */ = {isa = PBXBuildFile; fileRef = 10492574198C083400706441 /* JN Rhodes.jpg */; };
		104925D3198C083400706441 /* Kapil Dev.jpg in Resources */ = {isa = PBXBuildFile; fileRef = 10492575198C083400706441 /* Kapil Dev.jpg */; };
		104925D4198C083400706441 /* KC Sangakkara.jpg in Resources */ = {isa = PBXBuildFile; fileRef = 10492576198C083400706441 /* KC Sangakkara.jpg */; };
		104925D5198C083400706441 /* L Klusener.jpg in Resources */ = {isa = PBXBuildFile; fileRef = 10492577198C083400706441 /* L Klusener.jpg */; };
		104925D6198C083400706441 /* M Azharuddin.jpg in Resources */ = {isa = PBXBuildFile; fileRef = 10492578198C083400706441 /* M Azharuddin.jpg */; };
		104925D7198C083400706441 /* M Muralitharan.jpg in Resources */ = {isa = PBXBuildFile; fileRef = 10492579198C083400706441 /* M Muralitharan.jpg */; };
		104925D8198C083400706441 /* M Ntini.jpg in Resources */ = {isa = PBXBuildFile; fileRef = 1049257A198C083400706441 /* M Ntini.jpg */; };
		104925D9198C083400706441 /* ME Waugh.jpg in Resources */ = {isa = PBXBuildFile; fileRef = 1049257B198C083400706441 /* ME Waugh.jpg */; };
		104925DA198C083400706441 /* MEK Hussey.jpg in Resources */ = {isa = PBXBuildFile; fileRef = 1049257C198C083400706441 /* MEK Hussey.jpg */; };
		104925DB198C083400706441 /* MG Bevan.jpg in Resources */ = {isa = PBXBuildFile; fileRef = 1049257D198C083400706441 /* MG Bevan.jpg */; };
		104925DC198C083400706441 /* MJ Clarke.jpg in Resources */ = {isa = PBXBuildFile; fileRef = 1049257E198C083400706441 /* MJ Clarke.jpg */; };
		104925DD198C083400706441 /* Mohammad Ashraful.jpg in Resources */ = {isa = PBXBuildFile; fileRef = 1049257F198C083400706441 /* Mohammad Ashraful.jpg */; };
		104925DE198C083400706441 /* Mohammad Yousuf.jpg in Resources */ = {isa = PBXBuildFile; fileRef = 10492580198C083400706441 /* Mohammad Yousuf.jpg */; };
		104925DF198C083400706441 /* Moin Khan.jpg in Resources */ = {isa = PBXBuildFile; fileRef = 10492581198C083400706441 /* Moin Khan.jpg */; };
		104925E0198C083400706441 /* MS Atapattu.jpg in Resources */ = {isa = PBXBuildFile; fileRef = 10492582198C083400706441 /* MS Atapattu.jpg */; };
		104925E1198C083400706441 /* MS Dhoni.jpg in Resources */ = {isa = PBXBuildFile; fileRef = 10492583198C083400706441 /* MS Dhoni.jpg */; };
		104925E2198C083400706441 /* MV Boucher.jpg in Resources */ = {isa = PBXBuildFile; fileRef = 10492584198C083400706441 /* MV Boucher.jpg */; };
		104925E3198C083400706441 /* NJ Astle.jpg in Resources */ = {isa = PBXBuildFile; fileRef = 10492585198C083400706441 /* NJ Astle.jpg */; };
		104925E4198C083400706441 /* P Aravinda de Silva.jpg in Resources */ = {isa = PBXBuildFile; fileRef = 10492586198C083400706441 /* P Aravinda de Silva.jpg */; };
		104925E5198C083400706441 /* PD Collingwood.jpg in Resources */ = {isa = PBXBuildFile; fileRef = 10492587198C083400706441 /* PD Collingwood.jpg */; };
		104925E6198C083400706441 /* PJL Dujon.jpg in Resources */ = {isa = PBXBuildFile; fileRef = 10492588198C083400706441 /* PJL Dujon.jpg */; };
		104925E7198C083400706441 /* R Dravid.jpg in Resources */ = {isa = PBXBuildFile; fileRef = 10492589198C083400706441 /* R Dravid.jpg */; };
		104925E8198C083400706441 /* Rameez Raja.jpg in Resources */ = {isa = PBXBuildFile; fileRef = 1049258A198C083400706441 /* Rameez Raja.jpg */; };
		104925E9198C083400706441 /* RB Richardson.jpg in Resources */ = {isa = PBXBuildFile; fileRef = 1049258B198C083400706441 /* RB Richardson.jpg */; };
		104925EA198C083400706441 /* RP Arnold.jpg in Resources */ = {isa = PBXBuildFile; fileRef = 1049258C198C083400706441 /* RP Arnold.jpg */; };
		104925EB198C083400706441 /* RR Sarwan.jpg in Resources */ = {isa = PBXBuildFile; fileRef = 1049258D198C083400706441 /* RR Sarwan.jpg */; };
		104925EC198C083400706441 /* RS Kaluwitharana.jpg in Resources */ = {isa = PBXBuildFile; fileRef = 1049258E198C083400706441 /* RS Kaluwitharana.jpg */; };
		104925ED198C083400706441 /* RS Mahanama.jpg in Resources */ = {isa = PBXBuildFile; fileRef = 1049258F198C083400706441 /* RS Mahanama.jpg */; };
		104925EE198C083400706441 /* S Chanderpaul.jpg in Resources */ = {isa = PBXBuildFile; fileRef = 10492590198C083400706441 /* S Chanderpaul.jpg */; };
		104925EF198C083400706441 /* Saeed Anwar.jpg in Resources */ = {isa = PBXBuildFile; fileRef = 10492591198C083400706441 /* Saeed Anwar.jpg */; };
		104925F0198C083400706441 /* Saleem Malik.jpg in Resources */ = {isa = PBXBuildFile; fileRef = 10492592198C083400706441 /* Saleem Malik.jpg */; };
		104925F1198C083400706441 /* Saqlain Mushtaq.jpg in Resources */ = {isa = PBXBuildFile; fileRef = 10492593198C083400706441 /* Saqlain Mushtaq.jpg */; };
		104925F2198C083400706441 /* SB Styris.jpg in Resources */ = {isa = PBXBuildFile; fileRef = 10492594198C083400706441 /* SB Styris.jpg */; };
		104925F3198C083400706441 /* SC Ganguly.jpg in Resources */ = {isa = PBXBuildFile; fileRef = 10492595198C083400706441 /* SC Ganguly.jpg */; };
		104925F4198C083400706441 /* Shoaib Malik.jpg in Resources */ = {isa = PBXBuildFile; fileRef = 10492596198C083400706441 /* Shoaib Malik.jpg */; };
		104925F5198C083400706441 /* SK Raina.jpg in Resources */ = {isa = PBXBuildFile; fileRef = 10492597198C083400706441 /* SK Raina.jpg */; };
		104925F6198C083400706441 /* SL Malinga.jpg in Resources */ = {isa = PBXBuildFile; fileRef = 10492598198C083400706441 /* SL Malinga.jpg */; };
		104925F7198C083400706441 /* SM Pollock.jpg in Resources */ = {isa = PBXBuildFile; fileRef = 10492599198C083400706441 /* SM Pollock.jpg */; };
		104925F8198C083400706441 /* SP Fleming.jpg in Resources */ = {isa = PBXBuildFile; fileRef = 1049259A198C083400706441 /* SP Fleming.jpg */; };
		104925F9198C083400706441 /* SR Watson.jpg in Resources */ = {isa = PBXBuildFile; fileRef = 1049259B198C083400706441 /* SR Watson.jpg */; };
		104925FA198C083400706441 /* SR Waugh.jpg in Resources */ = {isa = PBXBuildFile; fileRef = 1049259C198C083400706441 /* SR Waugh.jpg */; };
		104925FB198C083400706441 /* TM Dilshan.jpg in Resources */ = {isa = PBXBuildFile; fileRef = 1049259D198C083400706441 /* TM Dilshan.jpg */; };
		104925FC198C083400706441 /* V Sehwag.jpg in Resources */ = {isa = PBXBuildFile; fileRef = 1049259E198C083400706441 /* V Sehwag.jpg */; };
		104925FD198C083400706441 /* Waqar Younis.jpg in Resources */ = {isa = PBXBuildFile; fileRef = 1049259F198C083400706441 /* Waqar Younis.jpg */; };
		104925FE198C083400706441 /* Wasim Akram.jpg in Resources */ = {isa = PBXBuildFile; fileRef = 104925A0198C083400706441 /* Wasim Akram.jpg */; };
		104925FF198C083400706441 /* WJ Cronje.jpg in Resources */ = {isa = PBXBuildFile; fileRef = 104925A1198C083400706441 /* WJ Cronje.jpg */; };
		10492600198C083400706441 /* WPUJC Vaas.jpg in Resources */ = {isa = PBXBuildFile; fileRef = 104925A2198C083400706441 /* WPUJC Vaas.jpg */; };
		10492601198C083400706441 /* WU Tharanga.jpg in Resources */ = {isa = PBXBuildFile; fileRef = 104925A3198C083400706441 /* WU Tharanga.jpg */; };
		10492602198C083400706441 /* Younis Khan.jpg in Resources */ = {isa = PBXBuildFile; fileRef = 104925A4198C083400706441 /* Younis Khan.jpg */; };
		10492603198C083400706441 /* Yuvraj Singh.jpg in Resources */ = {isa = PBXBuildFile; fileRef = 104925A5198C083400706441 /* Yuvraj Singh.jpg */; };
		10492604198C083400706441 /* Z Khan.jpg in Resources */ = {isa = PBXBuildFile; fileRef = 104925A6198C083400706441 /* Z Khan.jpg */; };
		105277D71831764E00739B87 /* bluecap.png in Resources */ = {isa = PBXBuildFile; fileRef = 105277D61831764E00739B87 /* bluecap.png */; };
		105277D918317B7600739B87 /* Redcaps.png in Resources */ = {isa = PBXBuildFile; fileRef = 105277D818317B7600739B87 /* Redcaps.png */; };
		107CC152197ED2EC0042C4CF /* Inzamam-ul-Haq.jpg in Resources */ = {isa = PBXBuildFile; fileRef = 107CC14A197ED2EC0042C4CF /* Inzamam-ul-Haq.jpg */; };
		107CC153197ED2EC0042C4CF /* DPMD Jayawardene.jpg in Resources */ = {isa = PBXBuildFile; fileRef = 107CC14B197ED2EC0042C4CF /* DPMD Jayawardene.jpg */; };
		107CC154197ED2EC0042C4CF /* Misbah-ul-Haq .jpg in Resources */ = {isa = PBXBuildFile; fileRef = 107CC14C197ED2EC0042C4CF /* Misbah-ul-Haq .jpg */; };
		107CC155197ED2EC0042C4CF /* RT Ponting.jpg in Resources */ = {isa = PBXBuildFile; fileRef = 107CC14D197ED2EC0042C4CF /* RT Ponting.jpg */; };
		107CC156197ED2EC0042C4CF /* Shahid Afridi.jpg in Resources */ = {isa = PBXBuildFile; fileRef = 107CC14E197ED2EC0042C4CF /* Shahid Afridi.jpg */; };
		107CC157197ED2EC0042C4CF /* SK Warne.jpg in Resources */ = {isa = PBXBuildFile; fileRef = 107CC14F197ED2EC0042C4CF /* SK Warne.jpg */; };
		107CC158197ED2EC0042C4CF /* SR Tendulkar.jpg in Resources */ = {isa = PBXBuildFile; fileRef = 107CC150197ED2EC0042C4CF /* SR Tendulkar.jpg */; };
		107CC159197ED2EC0042C4CF /* ST Jayasuriya.jpg in Resources */ = {isa = PBXBuildFile; fileRef = 107CC151197ED2EC0042C4CF /* ST Jayasuriya.jpg */; };
		107CC15B197ED8D10042C4CF /* avatar.jpg in Resources */ = {isa = PBXBuildFile; fileRef = 107CC15A197ED8D10042C4CF /* avatar.jpg */; };
		10A49CAC18131BFB00DA5609 /* VCKiPrimarySquadIViewCtrl.m in Sources */ = {isa = PBXBuildFile; fileRef = 10A49CAB18131BFB00DA5609 /* VCKiPrimarySquadIViewCtrl.m */; };
		10E0EDE9197C448700D63937 /* 51-outlet.png in Resources */ = {isa = PBXBuildFile; fileRef = 10E0EDE8197C448700D63937 /* 51-outlet.png */; };
		10FE0140180A7527007CF6F8 /* VCKiConfirmBetScreenViewCtrl.m in Sources */ = {isa = PBXBuildFile; fileRef = 10FE013F180A7527007CF6F8 /* VCKiConfirmBetScreenViewCtrl.m */; };
/* End PBXBuildFile section */

/* Begin PBXContainerItemProxy section */
		1042BEA217FC829D00FE9298 /* PBXContainerItemProxy */ = {
			isa = PBXContainerItemProxy;
			containerPortal = 1042BE7A17FC829D00FE9298 /* Project object */;
			proxyType = 1;
			remoteGlobalIDString = 1042BE8117FC829D00FE9298;
			remoteInfo = PlayerCards;
		};
/* End PBXContainerItemProxy section */

/* Begin PBXFileReference section */
		10038FF91807B1E6008B9453 /* playerData.plist */ = {isa = PBXFileReference; fileEncoding = 4; lastKnownFileType = text.plist.xml; path = playerData.plist; sourceTree = "<group>"; };
		10038FFB1807D2A8008B9453 /* manualPages.plist */ = {isa = PBXFileReference; fileEncoding = 4; lastKnownFileType = text.plist.xml; path = manualPages.plist; sourceTree = "<group>"; };
		10038FFD1807D41C008B9453 /* VCKiManualPageContentSerializer.h */ = {isa = PBXFileReference; fileEncoding = 4; lastKnownFileType = sourcecode.c.h; path = VCKiManualPageContentSerializer.h; sourceTree = "<group>"; };
		10038FFE1807D41C008B9453 /* VCKiManualPageContentSerializer.m */ = {isa = PBXFileReference; fileEncoding = 4; lastKnownFileType = sourcecode.c.objc; path = VCKiManualPageContentSerializer.m; sourceTree = "<group>"; };
		1003900018084F9F008B9453 /* VCKiPlayerEntity.h */ = {isa = PBXFileReference; fileEncoding = 4; lastKnownFileType = sourcecode.c.h; path = VCKiPlayerEntity.h; sourceTree = "<group>"; };
		1003900118084F9F008B9453 /* VCKiPlayerEntity.m */ = {isa = PBXFileReference; fileEncoding = 4; lastKnownFileType = sourcecode.c.objc; path = VCKiPlayerEntity.m; sourceTree = "<group>"; };
		10039003180863C8008B9453 /* VCKiPlayerRecordReader.h */ = {isa = PBXFileReference; fileEncoding = 4; lastKnownFileType = sourcecode.c.h; path = VCKiPlayerRecordReader.h; sourceTree = "<group>"; };
		10039004180863C8008B9453 /* VCKiPlayerRecordReader.m */ = {isa = PBXFileReference; fileEncoding = 4; lastKnownFileType = sourcecode.c.objc; path = VCKiPlayerRecordReader.m; sourceTree = "<group>"; };
		100390061808782B008B9453 /* VCKiPlayScreenViewCtrl.h */ = {isa = PBXFileReference; fileEncoding = 4; lastKnownFileType = sourcecode.c.h; path = VCKiPlayScreenViewCtrl.h; sourceTree = "<group>"; };
		100390071808782B008B9453 /* VCKiPlayScreenViewCtrl.m */ = {isa = PBXFileReference; fileEncoding = 4; lastKnownFileType = sourcecode.c.objc; path = VCKiPlayScreenViewCtrl.m; sourceTree = "<group>"; };
		1006120A1834187800FDE096 /* VCKiFinalResultViewController.h */ = {isa = PBXFileReference; fileEncoding = 4; lastKnownFileType = sourcecode.c.h; path = VCKiFinalResultViewController.h; sourceTree = "<group>"; };
		1006120B1834187800FDE096 /* VCKiFinalResultViewController.m */ = {isa = PBXFileReference; fileEncoding = 4; lastKnownFileType = sourcecode.c.objc; path = VCKiFinalResultViewController.m; sourceTree = "<group>"; };
		101420BE1828B448001FF7FF /* VCKiTimerViewController.h */ = {isa = PBXFileReference; fileEncoding = 4; lastKnownFileType = sourcecode.c.h; path = VCKiTimerViewController.h; sourceTree = "<group>"; };
		101420BF1828B448001FF7FF /* VCKiTimerViewController.m */ = {isa = PBXFileReference; fileEncoding = 4; lastKnownFileType = sourcecode.c.objc; path = VCKiTimerViewController.m; sourceTree = "<group>"; };
		10185A20182FEC0300F5AF17 /* VCKiPlayResultViewController.h */ = {isa = PBXFileReference; fileEncoding = 4; lastKnownFileType = sourcecode.c.h; path = VCKiPlayResultViewController.h; sourceTree = "<group>"; };
		10185A21182FEC0300F5AF17 /* VCKiPlayResultViewController.m */ = {isa = PBXFileReference; fileEncoding = 4; lastKnownFileType = sourcecode.c.objc; path = VCKiPlayResultViewController.m; sourceTree = "<group>"; };
		101B95391804971C009FD942 /* VCKiManualPagesViewCtrl.h */ = {isa = PBXFileReference; fileEncoding = 4; lastKnownFileType = sourcecode.c.h; path = VCKiManualPagesViewCtrl.h; sourceTree = "<group>"; };
		101B953A1804971C009FD942 /* VCKiManualPagesViewCtrl.m */ = {isa = PBXFileReference; fileEncoding = 4; lastKnownFileType = sourcecode.c.objc; path = VCKiManualPagesViewCtrl.m; sourceTree = "<group>"; };
		101B953C180498B0009FD942 /* VCKiRootPageViewCtrl.h */ = {isa = PBXFileReference; fileEncoding = 4; lastKnownFileType = sourcecode.c.h; path = VCKiRootPageViewCtrl.h; sourceTree = "<group>"; };
		101B953D180498B0009FD942 /* VCKiRootPageViewCtrl.m */ = {isa = PBXFileReference; fileEncoding = 4; lastKnownFileType = sourcecode.c.objc; path = VCKiRootPageViewCtrl.m; sourceTree = "<group>"; };
		10242AB2183EF9FA00DBF9F2 /* iPhonePlayerCardsMain3_5firmfactor.storyboard */ = {isa = PBXFileReference; fileEncoding = 4; lastKnownFileType = file.storyboard; path = iPhonePlayerCardsMain3_5firmfactor.storyboard; sourceTree = "<group>"; };
		1031F97E182E2C1F00637D9E /* VCKiSeondarySquatViewController.h */ = {isa = PBXFileReference; fileEncoding = 4; lastKnownFileType = sourcecode.c.h; path = VCKiSeondarySquatViewController.h; sourceTree = "<group>"; };
		1031F97F182E2C1F00637D9E /* VCKiSeondarySquatViewController.m */ = {isa = PBXFileReference; fileEncoding = 4; lastKnownFileType = sourcecode.c.objc; path = VCKiSeondarySquatViewController.m; sourceTree = "<group>"; };
		103433C9180DBA8B00058CC1 /* 1.png */ = {isa = PBXFileReference; lastKnownFileType = image.png; name = 1.png; path = Pattern/1.png; sourceTree = "<group>"; };
		103433CB180DBF5F00058CC1 /* 2.png */ = {isa = PBXFileReference; lastKnownFileType = image.png; name = 2.png; path = Pattern/2.png; sourceTree = "<group>"; };
		1042BE8217FC829D00FE9298 /* PlayerCards.app */ = {isa = PBXFileReference; explicitFileType = wrapper.application; includeInIndex = 0; path = PlayerCards.app; sourceTree = BUILT_PRODUCTS_DIR; };
		1042BE8517FC829D00FE9298 /* Foundation.framework */ = {isa = PBXFileReference; lastKnownFileType = wrapper.framework; name = Foundation.framework; path = System/Library/Frameworks/Foundation.framework; sourceTree = SDKROOT; };
		1042BE8717FC829D00FE9298 /* CoreGraphics.framework */ = {isa = PBXFileReference; lastKnownFileType = wrapper.framework; name = CoreGraphics.framework; path = System/Library/Frameworks/CoreGraphics.framework; sourceTree = SDKROOT; };
		1042BE8917FC829D00FE9298 /* UIKit.framework */ = {isa = PBXFileReference; lastKnownFileType = wrapper.framework; name = UIKit.framework; path = System/Library/Frameworks/UIKit.framework; sourceTree = SDKROOT; };
		1042BE8D17FC829D00FE9298 /* PlayerCards-Info.plist */ = {isa = PBXFileReference; lastKnownFileType = text.plist.xml; path = "PlayerCards-Info.plist"; sourceTree = "<group>"; };
		1042BE8F17FC829D00FE9298 /* en */ = {isa = PBXFileReference; lastKnownFileType = text.plist.strings; name = en; path = en.lproj/InfoPlist.strings; sourceTree = "<group>"; };
		1042BE9117FC829D00FE9298 /* main.m */ = {isa = PBXFileReference; lastKnownFileType = sourcecode.c.objc; path = main.m; sourceTree = "<group>"; };
		1042BE9317FC829D00FE9298 /* PlayerCards-Prefix.pch */ = {isa = PBXFileReference; lastKnownFileType = sourcecode.c.h; path = "PlayerCards-Prefix.pch"; sourceTree = "<group>"; };
		1042BE9417FC829D00FE9298 /* VCKiAppDelegate.h */ = {isa = PBXFileReference; lastKnownFileType = sourcecode.c.h; path = VCKiAppDelegate.h; sourceTree = "<group>"; };
		1042BE9517FC829D00FE9298 /* VCKiAppDelegate.m */ = {isa = PBXFileReference; lastKnownFileType = sourcecode.c.objc; path = VCKiAppDelegate.m; sourceTree = "<group>"; };
		1042BE9717FC829D00FE9298 /* Images.xcassets */ = {isa = PBXFileReference; lastKnownFileType = folder.assetcatalog; path = Images.xcassets; sourceTree = "<group>"; };
		1042BE9D17FC829D00FE9298 /* PlayerCardsTests.xctest */ = {isa = PBXFileReference; explicitFileType = wrapper.cfbundle; includeInIndex = 0; path = PlayerCardsTests.xctest; sourceTree = BUILT_PRODUCTS_DIR; };
		1042BE9E17FC829D00FE9298 /* XCTest.framework */ = {isa = PBXFileReference; lastKnownFileType = wrapper.framework; name = XCTest.framework; path = Library/Frameworks/XCTest.framework; sourceTree = DEVELOPER_DIR; };
		1042BEA617FC829D00FE9298 /* PlayerCardsTests-Info.plist */ = {isa = PBXFileReference; lastKnownFileType = text.plist.xml; path = "PlayerCardsTests-Info.plist"; sourceTree = "<group>"; };
		1042BEA817FC829D00FE9298 /* en */ = {isa = PBXFileReference; lastKnownFileType = text.plist.strings; name = en; path = en.lproj/InfoPlist.strings; sourceTree = "<group>"; };
		1042BEAA17FC829D00FE9298 /* PlayerCardsTests.m */ = {isa = PBXFileReference; lastKnownFileType = sourcecode.c.objc; path = PlayerCardsTests.m; sourceTree = "<group>"; };
		1042BEBC17FDF35100FE9298 /* VCKiIntroViews.h */ = {isa = PBXFileReference; fileEncoding = 4; lastKnownFileType = sourcecode.c.h; path = VCKiIntroViews.h; sourceTree = "<group>"; };
		1042BEBD17FDF35100FE9298 /* VCKiIntroViews.m */ = {isa = PBXFileReference; fileEncoding = 4; lastKnownFileType = sourcecode.c.objc; path = VCKiIntroViews.m; sourceTree = "<group>"; };
		10487D43183E149F0087B377 /* 132-ghost.png */ = {isa = PBXFileReference; lastKnownFileType = image.png; path = "132-ghost.png"; sourceTree = "<group>"; };
		10487D44183E149F0087B377 /* 135-hockeymask.png */ = {isa = PBXFileReference; lastKnownFileType = image.png; path = "135-hockeymask.png"; sourceTree = "<group>"; };
		10487D47183E17F00087B377 /* 156-controlpad.png */ = {isa = PBXFileReference; lastKnownFileType = image.png; path = "156-controlpad.png"; sourceTree = "<group>"; };
		10492549198C083300706441 /* A Flower.jpg */ = {isa = PBXFileReference; lastKnownFileType = image.jpeg; name = "A Flower.jpg"; path = "playerImages/A Flower.jpg"; sourceTree = "<group>"; };
		1049254A198C083300706441 /* A Jadeja.jpg */ = {isa = PBXFileReference; lastKnownFileType = image.jpeg; name = "A Jadeja.jpg"; path = "playerImages/A Jadeja.jpg"; sourceTree = "<group>"; };
		1049254B198C083300706441 /* A Kumble.jpg */ = {isa = PBXFileReference; lastKnownFileType = image.jpeg; name = "A Kumble.jpg"; path = "playerImages/A Kumble.jpg"; sourceTree = "<group>"; };
		1049254C198C083300706441 /* A Ranatunga.jpg */ = {isa = PBXFileReference; lastKnownFileType = image.jpeg; name = "A Ranatunga.jpg"; path = "playerImages/A Ranatunga.jpg"; sourceTree = "<group>"; };
		1049254D198C083300706441 /* A Symonds.jpg */ = {isa = PBXFileReference; lastKnownFileType = image.jpeg; name = "A Symonds.jpg"; path = "playerImages/A Symonds.jpg"; sourceTree = "<group>"; };
		1049254E198C083300706441 /* AB Agarkar.jpg */ = {isa = PBXFileReference; lastKnownFileType = image.jpeg; name = "AB Agarkar.jpg"; path = "playerImages/AB Agarkar.jpg"; sourceTree = "<group>"; };
		1049254F198C083300706441 /* Abdul Razzaq.jpg */ = {isa = PBXFileReference; lastKnownFileType = image.jpeg; name = "Abdul Razzaq.jpg"; path = "playerImages/Abdul Razzaq.jpg"; sourceTree = "<group>"; };
		10492550198C083300706441 /* AC Gilchrist.jpg */ = {isa = PBXFileReference; lastKnownFileType = image.jpeg; name = "AC Gilchrist.jpg"; path = "playerImages/AC Gilchrist.jpg"; sourceTree = "<group>"; };
		10492551198C083300706441 /* AC Parore.jpg */ = {isa = PBXFileReference; lastKnownFileType = image.jpeg; name = "AC Parore.jpg"; path = "playerImages/AC Parore.jpg"; sourceTree = "<group>"; };
		10492552198C083400706441 /* ADR Campbell.jpg */ = {isa = PBXFileReference; lastKnownFileType = image.jpeg; name = "ADR Campbell.jpg"; path = "playerImages/ADR Campbell.jpg"; sourceTree = "<group>"; };
		10492553198C083400706441 /* AJ Stewart.jpg */ = {isa = PBXFileReference; lastKnownFileType = image.jpeg; name = "AJ Stewart.jpg"; path = "playerImages/AJ Stewart.jpg"; sourceTree = "<group>"; };
		10492554198C083400706441 /* AR Border.jpg */ = {isa = PBXFileReference; lastKnownFileType = image.jpeg; name = "AR Border.jpg"; path = "playerImages/AR Border.jpg"; sourceTree = "<group>"; };
		10492555198C083400706441 /* B Lee.jpg */ = {isa = PBXFileReference; lastKnownFileType = image.jpeg; name = "B Lee.jpg"; path = "playerImages/B Lee.jpg"; sourceTree = "<group>"; };
		10492556198C083400706441 /* BB McCullum.jpg */ = {isa = PBXFileReference; lastKnownFileType = image.jpeg; name = "BB McCullum.jpg"; path = "playerImages/BB McCullum.jpg"; sourceTree = "<group>"; };
		10492557198C083400706441 /* BC Lara.jpg */ = {isa = PBXFileReference; lastKnownFileType = image.jpeg; name = "BC Lara.jpg"; path = "playerImages/BC Lara.jpg"; sourceTree = "<group>"; };
		10492558198C083400706441 /* CA Walsh.jpg */ = {isa = PBXFileReference; lastKnownFileType = image.jpeg; name = "CA Walsh.jpg"; path = "playerImages/CA Walsh.jpg"; sourceTree = "<group>"; };
		10492559198C083400706441 /* CD McMillan.jpg */ = {isa = PBXFileReference; lastKnownFileType = image.jpeg; name = "CD McMillan.jpg"; path = "playerImages/CD McMillan.jpg"; sourceTree = "<group>"; };
		1049255A198C083400706441 /* CEL Ambrose.jpg */ = {isa = PBXFileReference; lastKnownFileType = image.jpeg; name = "CEL Ambrose.jpg"; path = "playerImages/CEL Ambrose.jpg"; sourceTree = "<group>"; };
		1049255B198C083400706441 /* CH Gayle.jpg */ = {isa = PBXFileReference; lastKnownFileType = image.jpeg; name = "CH Gayle.jpg"; path = "playerImages/CH Gayle.jpg"; sourceTree = "<group>"; };
		1049255C198C083400706441 /* CL Cairns.jpg */ = {isa = PBXFileReference; lastKnownFileType = image.jpeg; name = "CL Cairns.jpg"; path = "playerImages/CL Cairns.jpg"; sourceTree = "<group>"; };
		1049255D198C083400706441 /* CL Hooper.jpg */ = {isa = PBXFileReference; lastKnownFileType = image.jpeg; name = "CL Hooper.jpg"; path = "playerImages/CL Hooper.jpg"; sourceTree = "<group>"; };
		1049255F198C083400706441 /* CZ Harris.jpg */ = {isa = PBXFileReference; lastKnownFileType = image.jpeg; name = "CZ Harris.jpg"; path = "playerImages/CZ Harris.jpg"; sourceTree = "<group>"; };
		10492560198C083400706441 /* DC Boon.jpg */ = {isa = PBXFileReference; lastKnownFileType = image.jpeg; name = "DC Boon.jpg"; path = "playerImages/DC Boon.jpg"; sourceTree = "<group>"; };
		10492561198C083400706441 /* DL Haynes.jpg */ = {isa = PBXFileReference; lastKnownFileType = image.jpeg; name = "DL Haynes.jpg"; path = "playerImages/DL Haynes.jpg"; sourceTree = "<group>"; };
		10492562198C083400706441 /* DL Vettori.jpg */ = {isa = PBXFileReference; lastKnownFileType = image.jpeg; name = "DL Vettori.jpg"; path = "playerImages/DL Vettori.jpg"; sourceTree = "<group>"; };
		10492563198C083400706441 /* DR Martyn.jpg */ = {isa = PBXFileReference; lastKnownFileType = image.jpeg; name = "DR Martyn.jpg"; path = "playerImages/DR Martyn.jpg"; sourceTree = "<group>"; };
		10492564198C083400706441 /* G Kirsten.jpg */ = {isa = PBXFileReference; lastKnownFileType = image.jpeg; name = "G Kirsten.jpg"; path = "playerImages/G Kirsten.jpg"; sourceTree = "<group>"; };
		10492565198C083400706441 /* GC Smith.jpg */ = {isa = PBXFileReference; lastKnownFileType = image.jpeg; name = "GC Smith.jpg"; path = "playerImages/GC Smith.jpg"; sourceTree = "<group>"; };
		10492566198C083400706441 /* GD McGrath.jpg */ = {isa = PBXFileReference; lastKnownFileType = image.jpeg; name = "GD McGrath.jpg"; path = "playerImages/GD McGrath.jpg"; sourceTree = "<group>"; };
		10492567198C083400706441 /* GW Flower.jpg */ = {isa = PBXFileReference; lastKnownFileType = image.jpeg; name = "GW Flower.jpg"; path = "playerImages/GW Flower.jpg"; sourceTree = "<group>"; };
		10492568198C083400706441 /* Harbhajan Singh.jpg */ = {isa = PBXFileReference; lastKnownFileType = image.jpeg; name = "Harbhajan Singh.jpg"; path = "playerImages/Harbhajan Singh.jpg"; sourceTree = "<group>"; };
		10492569198C083400706441 /* HH Gibbs.jpg */ = {isa = PBXFileReference; lastKnownFileType = image.jpeg; name = "HH Gibbs.jpg"; path = "playerImages/HH Gibbs.jpg"; sourceTree = "<group>"; };
		1049256A198C083400706441 /* HH Streak.jpg */ = {isa = PBXFileReference; lastKnownFileType = image.jpeg; name = "HH Streak.jpg"; path = "playerImages/HH Streak.jpg"; sourceTree = "<group>"; };
		1049256B198C083400706441 /* HP Tillakaratne.jpg */ = {isa = PBXFileReference; lastKnownFileType = image.jpeg; name = "HP Tillakaratne.jpg"; path = "playerImages/HP Tillakaratne.jpg"; sourceTree = "<group>"; };
		1049256C198C083400706441 /* IA Healy.jpg */ = {isa = PBXFileReference; lastKnownFileType = image.jpeg; name = "IA Healy.jpg"; path = "playerImages/IA Healy.jpg"; sourceTree = "<group>"; };
		1049256D198C083400706441 /* Ijaz Ahmed.jpg */ = {isa = PBXFileReference; lastKnownFileType = image.jpeg; name = "Ijaz Ahmed.jpg"; path = "playerImages/Ijaz Ahmed.jpg"; sourceTree = "<group>"; };
		1049256E198C083400706441 /* Imran Khan.jpg */ = {isa = PBXFileReference; lastKnownFileType = image.jpeg; name = "Imran Khan.jpg"; path = "playerImages/Imran Khan.jpg"; sourceTree = "<group>"; };
		1049256F198C083400706441 /* IVA Richards.jpg */ = {isa = PBXFileReference; lastKnownFileType = image.jpeg; name = "IVA Richards.jpg"; path = "playerImages/IVA Richards.jpg"; sourceTree = "<group>"; };
		10492570198C083400706441 /* J Srinath.jpg */ = {isa = PBXFileReference; lastKnownFileType = image.jpeg; name = "J Srinath.jpg"; path = "playerImages/J Srinath.jpg"; sourceTree = "<group>"; };
		10492571198C083400706441 /* Javed Miandad.jpg */ = {isa = PBXFileReference; lastKnownFileType = image.jpeg; name = "Javed Miandad.jpg"; path = "playerImages/Javed Miandad.jpg"; sourceTree = "<group>"; };
		10492572198C083400706441 /* JH Kallis.jpg */ = {isa = PBXFileReference; lastKnownFileType = image.jpeg; name = "JH Kallis.jpg"; path = "playerImages/JH Kallis.jpg"; sourceTree = "<group>"; };
		10492573198C083400706441 /* JM Anderson.jpg */ = {isa = PBXFileReference; lastKnownFileType = image.jpeg; name = "JM Anderson.jpg"; path = "playerImages/JM Anderson.jpg"; sourceTree = "<group>"; };
		10492574198C083400706441 /* JN Rhodes.jpg */ = {isa = PBXFileReference; lastKnownFileType = image.jpeg; name = "JN Rhodes.jpg"; path = "playerImages/JN Rhodes.jpg"; sourceTree = "<group>"; };
		10492575198C083400706441 /* Kapil Dev.jpg */ = {isa = PBXFileReference; lastKnownFileType = image.jpeg; name = "Kapil Dev.jpg"; path = "playerImages/Kapil Dev.jpg"; sourceTree = "<group>"; };
		10492576198C083400706441 /* KC Sangakkara.jpg */ = {isa = PBXFileReference; lastKnownFileType = image.jpeg; name = "KC Sangakkara.jpg"; path = "playerImages/KC Sangakkara.jpg"; sourceTree = "<group>"; };
		10492577198C083400706441 /* L Klusener.jpg */ = {isa = PBXFileReference; lastKnownFileType = image.jpeg; name = "L Klusener.jpg"; path = "playerImages/L Klusener.jpg"; sourceTree = "<group>"; };
		10492578198C083400706441 /* M Azharuddin.jpg */ = {isa = PBXFileReference; lastKnownFileType = image.jpeg; name = "M Azharuddin.jpg"; path = "playerImages/M Azharuddin.jpg"; sourceTree = "<group>"; };
		10492579198C083400706441 /* M Muralitharan.jpg */ = {isa = PBXFileReference; lastKnownFileType = image.jpeg; name = "M Muralitharan.jpg"; path = "playerImages/M Muralitharan.jpg"; sourceTree = "<group>"; };
		1049257A198C083400706441 /* M Ntini.jpg */ = {isa = PBXFileReference; lastKnownFileType = image.jpeg; name = "M Ntini.jpg"; path = "playerImages/M Ntini.jpg"; sourceTree = "<group>"; };
		1049257B198C083400706441 /* ME Waugh.jpg */ = {isa = PBXFileReference; lastKnownFileType = image.jpeg; name = "ME Waugh.jpg"; path = "playerImages/ME Waugh.jpg"; sourceTree = "<group>"; };
		1049257C198C083400706441 /* MEK Hussey.jpg */ = {isa = PBXFileReference; lastKnownFileType = image.jpeg; name = "MEK Hussey.jpg"; path = "playerImages/MEK Hussey.jpg"; sourceTree = "<group>"; };
		1049257D198C083400706441 /* MG Bevan.jpg */ = {isa = PBXFileReference; lastKnownFileType = image.jpeg; name = "MG Bevan.jpg"; path = "playerImages/MG Bevan.jpg"; sourceTree = "<group>"; };
		1049257E198C083400706441 /* MJ Clarke.jpg */ = {isa = PBXFileReference; lastKnownFileType = image.jpeg; name = "MJ Clarke.jpg"; path = "playerImages/MJ Clarke.jpg"; sourceTree = "<group>"; };
		1049257F198C083400706441 /* Mohammad Ashraful.jpg */ = {isa = PBXFileReference; lastKnownFileType = image.jpeg; name = "Mohammad Ashraful.jpg"; path = "playerImages/Mohammad Ashraful.jpg"; sourceTree = "<group>"; };
		10492580198C083400706441 /* Mohammad Yousuf.jpg */ = {isa = PBXFileReference; lastKnownFileType = image.jpeg; name = "Mohammad Yousuf.jpg"; path = "playerImages/Mohammad Yousuf.jpg"; sourceTree = "<group>"; };
		10492581198C083400706441 /* Moin Khan.jpg */ = {isa = PBXFileReference; lastKnownFileType = image.jpeg; name = "Moin Khan.jpg"; path = "playerImages/Moin Khan.jpg"; sourceTree = "<group>"; };
		10492582198C083400706441 /* MS Atapattu.jpg */ = {isa = PBXFileReference; lastKnownFileType = image.jpeg; name = "MS Atapattu.jpg"; path = "playerImages/MS Atapattu.jpg"; sourceTree = "<group>"; };
		10492583198C083400706441 /* MS Dhoni.jpg */ = {isa = PBXFileReference; lastKnownFileType = image.jpeg; name = "MS Dhoni.jpg"; path = "playerImages/MS Dhoni.jpg"; sourceTree = "<group>"; };
		10492584198C083400706441 /* MV Boucher.jpg */ = {isa = PBXFileReference; lastKnownFileType = image.jpeg; name = "MV Boucher.jpg"; path = "playerImages/MV Boucher.jpg"; sourceTree = "<group>"; };
		10492585198C083400706441 /* NJ Astle.jpg */ = {isa = PBXFileReference; lastKnownFileType = image.jpeg; name = "NJ Astle.jpg"; path = "playerImages/NJ Astle.jpg"; sourceTree = "<group>"; };
		10492586198C083400706441 /* P Aravinda de Silva.jpg */ = {isa = PBXFileReference; lastKnownFileType = image.jpeg; name = "P Aravinda de Silva.jpg"; path = "playerImages/P Aravinda de Silva.jpg"; sourceTree = "<group>"; };
		10492587198C083400706441 /* PD Collingwood.jpg */ = {isa = PBXFileReference; lastKnownFileType = image.jpeg; name = "PD Collingwood.jpg"; path = "playerImages/PD Collingwood.jpg"; sourceTree = "<group>"; };
		10492588198C083400706441 /* PJL Dujon.jpg */ = {isa = PBXFileReference; lastKnownFileType = image.jpeg; name = "PJL Dujon.jpg"; path = "playerImages/PJL Dujon.jpg"; sourceTree = "<group>"; };
		10492589198C083400706441 /* R Dravid.jpg */ = {isa = PBXFileReference; lastKnownFileType = image.jpeg; name = "R Dravid.jpg"; path = "playerImages/R Dravid.jpg"; sourceTree = "<group>"; };
		1049258A198C083400706441 /* Rameez Raja.jpg */ = {isa = PBXFileReference; lastKnownFileType = image.jpeg; name = "Rameez Raja.jpg"; path = "playerImages/Rameez Raja.jpg"; sourceTree = "<group>"; };
		1049258B198C083400706441 /* RB Richardson.jpg */ = {isa = PBXFileReference; lastKnownFileType = image.jpeg; name = "RB Richardson.jpg"; path = "playerImages/RB Richardson.jpg"; sourceTree = "<group>"; };
		1049258C198C083400706441 /* RP Arnold.jpg */ = {isa = PBXFileReference; lastKnownFileType = image.jpeg; name = "RP Arnold.jpg"; path = "playerImages/RP Arnold.jpg"; sourceTree = "<group>"; };
		1049258D198C083400706441 /* RR Sarwan.jpg */ = {isa = PBXFileReference; lastKnownFileType = image.jpeg; name = "RR Sarwan.jpg"; path = "playerImages/RR Sarwan.jpg"; sourceTree = "<group>"; };
		1049258E198C083400706441 /* RS Kaluwitharana.jpg */ = {isa = PBXFileReference; lastKnownFileType = image.jpeg; name = "RS Kaluwitharana.jpg"; path = "playerImages/RS Kaluwitharana.jpg"; sourceTree = "<group>"; };
		1049258F198C083400706441 /* RS Mahanama.jpg */ = {isa = PBXFileReference; lastKnownFileType = image.jpeg; name = "RS Mahanama.jpg"; path = "playerImages/RS Mahanama.jpg"; sourceTree = "<group>"; };
		10492590198C083400706441 /* S Chanderpaul.jpg */ = {isa = PBXFileReference; lastKnownFileType = image.jpeg; name = "S Chanderpaul.jpg"; path = "playerImages/S Chanderpaul.jpg"; sourceTree = "<group>"; };
		10492591198C083400706441 /* Saeed Anwar.jpg */ = {isa = PBXFileReference; lastKnownFileType = image.jpeg; name = "Saeed Anwar.jpg"; path = "playerImages/Saeed Anwar.jpg"; sourceTree = "<group>"; };
		10492592198C083400706441 /* Saleem Malik.jpg */ = {isa = PBXFileReference; lastKnownFileType = image.jpeg; name = "Saleem Malik.jpg"; path = "playerImages/Saleem Malik.jpg"; sourceTree = "<group>"; };
		10492593198C083400706441 /* Saqlain Mushtaq.jpg */ = {isa = PBXFileReference; lastKnownFileType = image.jpeg; name = "Saqlain Mushtaq.jpg"; path = "playerImages/Saqlain Mushtaq.jpg"; sourceTree = "<group>"; };
		10492594198C083400706441 /* SB Styris.jpg */ = {isa = PBXFileReference; lastKnownFileType = image.jpeg; name = "SB Styris.jpg"; path = "playerImages/SB Styris.jpg"; sourceTree = "<group>"; };
		10492595198C083400706441 /* SC Ganguly.jpg */ = {isa = PBXFileReference; lastKnownFileType = image.jpeg; name = "SC Ganguly.jpg"; path = "playerImages/SC Ganguly.jpg"; sourceTree = "<group>"; };
		10492596198C083400706441 /* Shoaib Malik.jpg */ = {isa = PBXFileReference; lastKnownFileType = image.jpeg; name = "Shoaib Malik.jpg"; path = "playerImages/Shoaib Malik.jpg"; sourceTree = "<group>"; };
		10492597198C083400706441 /* SK Raina.jpg */ = {isa = PBXFileReference; lastKnownFileType = image.jpeg; name = "SK Raina.jpg"; path = "playerImages/SK Raina.jpg"; sourceTree = "<group>"; };
		10492598198C083400706441 /* SL Malinga.jpg */ = {isa = PBXFileReference; lastKnownFileType = image.jpeg; name = "SL Malinga.jpg"; path = "playerImages/SL Malinga.jpg"; sourceTree = "<group>"; };
		10492599198C083400706441 /* SM Pollock.jpg */ = {isa = PBXFileReference; lastKnownFileType = image.jpeg; name = "SM Pollock.jpg"; path = "playerImages/SM Pollock.jpg"; sourceTree = "<group>"; };
		1049259A198C083400706441 /* SP Fleming.jpg */ = {isa = PBXFileReference; lastKnownFileType = image.jpeg; name = "SP Fleming.jpg"; path = "playerImages/SP Fleming.jpg"; sourceTree = "<group>"; };
		1049259B198C083400706441 /* SR Watson.jpg */ = {isa = PBXFileReference; lastKnownFileType = image.jpeg; name = "SR Watson.jpg"; path = "playerImages/SR Watson.jpg"; sourceTree = "<group>"; };
		1049259C198C083400706441 /* SR Waugh.jpg */ = {isa = PBXFileReference; lastKnownFileType = image.jpeg; name = "SR Waugh.jpg"; path = "playerImages/SR Waugh.jpg"; sourceTree = "<group>"; };
		1049259D198C083400706441 /* TM Dilshan.jpg */ = {isa = PBXFileReference; lastKnownFileType = image.jpeg; name = "TM Dilshan.jpg"; path = "playerImages/TM Dilshan.jpg"; sourceTree = "<group>"; };
		1049259E198C083400706441 /* V Sehwag.jpg */ = {isa = PBXFileReference; lastKnownFileType = image.jpeg; name = "V Sehwag.jpg"; path = "playerImages/V Sehwag.jpg"; sourceTree = "<group>"; };
		1049259F198C083400706441 /* Waqar Younis.jpg */ = {isa = PBXFileReference; lastKnownFileType = image.jpeg; name = "Waqar Younis.jpg"; path = "playerImages/Waqar Younis.jpg"; sourceTree = "<group>"; };
		104925A0198C083400706441 /* Wasim Akram.jpg */ = {isa = PBXFileReference; lastKnownFileType = image.jpeg; name = "Wasim Akram.jpg"; path = "playerImages/Wasim Akram.jpg"; sourceTree = "<group>"; };
		104925A1198C083400706441 /* WJ Cronje.jpg */ = {isa = PBXFileReference; lastKnownFileType = image.jpeg; name = "WJ Cronje.jpg"; path = "playerImages/WJ Cronje.jpg"; sourceTree = "<group>"; };
		104925A2198C083400706441 /* WPUJC Vaas.jpg */ = {isa = PBXFileReference; lastKnownFileType = image.jpeg; name = "WPUJC Vaas.jpg"; path = "playerImages/WPUJC Vaas.jpg"; sourceTree = "<group>"; };
		104925A3198C083400706441 /* WU Tharanga.jpg */ = {isa = PBXFileReference; lastKnownFileType = image.jpeg; name = "WU Tharanga.jpg"; path = "playerImages/WU Tharanga.jpg"; sourceTree = "<group>"; };
		104925A4198C083400706441 /* Younis Khan.jpg */ = {isa = PBXFileReference; lastKnownFileType = image.jpeg; name = "Younis Khan.jpg"; path = "playerImages/Younis Khan.jpg"; sourceTree = "<group>"; };
		104925A5198C083400706441 /* Yuvraj Singh.jpg */ = {isa = PBXFileReference; lastKnownFileType = image.jpeg; name = "Yuvraj Singh.jpg"; path = "playerImages/Yuvraj Singh.jpg"; sourceTree = "<group>"; };
		104925A6198C083400706441 /* Z Khan.jpg */ = {isa = PBXFileReference; lastKnownFileType = image.jpeg; name = "Z Khan.jpg"; path = "playerImages/Z Khan.jpg"; sourceTree = "<group>"; };
		105277D61831764E00739B87 /* bluecap.png */ = {isa = PBXFileReference; lastKnownFileType = image.png; path = bluecap.png; sourceTree = "<group>"; };
		105277D818317B7600739B87 /* Redcaps.png */ = {isa = PBXFileReference; lastKnownFileType = image.png; path = Redcaps.png; sourceTree = "<group>"; };
		107CC14A197ED2EC0042C4CF /* Inzamam-ul-Haq.jpg */ = {isa = PBXFileReference; lastKnownFileType = image.jpeg; name = "Inzamam-ul-Haq.jpg"; path = "playerImages/Inzamam-ul-Haq.jpg"; sourceTree = "<group>"; };
		107CC14B197ED2EC0042C4CF /* DPMD Jayawardene.jpg */ = {isa = PBXFileReference; lastKnownFileType = image.jpeg; name = "DPMD Jayawardene.jpg"; path = "playerImages/DPMD Jayawardene.jpg"; sourceTree = "<group>"; };
		107CC14C197ED2EC0042C4CF /* Misbah-ul-Haq .jpg */ = {isa = PBXFileReference; lastKnownFileType = image.jpeg; name = "Misbah-ul-Haq .jpg"; path = "playerImages/Misbah-ul-Haq .jpg"; sourceTree = "<group>"; };
		107CC14D197ED2EC0042C4CF /* RT Ponting.jpg */ = {isa = PBXFileReference; lastKnownFileType = image.jpeg; name = "RT Ponting.jpg"; path = "playerImages/RT Ponting.jpg"; sourceTree = "<group>"; };
		107CC14E197ED2EC0042C4CF /* Shahid Afridi.jpg */ = {isa = PBXFileReference; lastKnownFileType = image.jpeg; name = "Shahid Afridi.jpg"; path = "playerImages/Shahid Afridi.jpg"; sourceTree = "<group>"; };
		107CC14F197ED2EC0042C4CF /* SK Warne.jpg */ = {isa = PBXFileReference; lastKnownFileType = image.jpeg; name = "SK Warne.jpg"; path = "playerImages/SK Warne.jpg"; sourceTree = "<group>"; };
		107CC150197ED2EC0042C4CF /* SR Tendulkar.jpg */ = {isa = PBXFileReference; lastKnownFileType = image.jpeg; name = "SR Tendulkar.jpg"; path = "playerImages/SR Tendulkar.jpg"; sourceTree = "<group>"; };
		107CC151197ED2EC0042C4CF /* ST Jayasuriya.jpg */ = {isa = PBXFileReference; lastKnownFileType = image.jpeg; name = "ST Jayasuriya.jpg"; path = "playerImages/ST Jayasuriya.jpg"; sourceTree = "<group>"; };
		107CC15A197ED8D10042C4CF /* avatar.jpg */ = {isa = PBXFileReference; lastKnownFileType = image.jpeg; name = avatar.jpg; path = playerImages/avatar.jpg; sourceTree = "<group>"; };
		10A49CAA18131BFB00DA5609 /* VCKiPrimarySquadIViewCtrl.h */ = {isa = PBXFileReference; fileEncoding = 4; lastKnownFileType = sourcecode.c.h; path = VCKiPrimarySquadIViewCtrl.h; sourceTree = "<group>"; };
		10A49CAB18131BFB00DA5609 /* VCKiPrimarySquadIViewCtrl.m */ = {isa = PBXFileReference; fileEncoding = 4; lastKnownFileType = sourcecode.c.objc; path = VCKiPrimarySquadIViewCtrl.m; sourceTree = "<group>"; };
		10E0EDE8197C448700D63937 /* 51-outlet.png */ = {isa = PBXFileReference; lastKnownFileType = image.png; path = "51-outlet.png"; sourceTree = "<group>"; };
		10FE013E180A7527007CF6F8 /* VCKiConfirmBetScreenViewCtrl.h */ = {isa = PBXFileReference; fileEncoding = 4; lastKnownFileType = sourcecode.c.h; path = VCKiConfirmBetScreenViewCtrl.h; sourceTree = "<group>"; };
		10FE013F180A7527007CF6F8 /* VCKiConfirmBetScreenViewCtrl.m */ = {isa = PBXFileReference; fileEncoding = 4; lastKnownFileType = sourcecode.c.objc; path = VCKiConfirmBetScreenViewCtrl.m; sourceTree = "<group>"; };
/* End PBXFileReference section */

/* Begin PBXFrameworksBuildPhase section */
		1042BE7F17FC829D00FE9298 /* Frameworks */ = {
			isa = PBXFrameworksBuildPhase;
			buildActionMask = 2147483647;
			files = (
				1042BE8817FC829D00FE9298 /* CoreGraphics.framework in Frameworks */,
				1042BE8A17FC829D00FE9298 /* UIKit.framework in Frameworks */,
				1042BE8617FC829D00FE9298 /* Foundation.framework in Frameworks */,
			);
			runOnlyForDeploymentPostprocessing = 0;
		};
		1042BE9A17FC829D00FE9298 /* Frameworks */ = {
			isa = PBXFrameworksBuildPhase;
			buildActionMask = 2147483647;
			files = (
				1042BE9F17FC829D00FE9298 /* XCTest.framework in Frameworks */,
				1042BEA117FC829D00FE9298 /* UIKit.framework in Frameworks */,
				1042BEA017FC829D00FE9298 /* Foundation.framework in Frameworks */,
			);
			runOnlyForDeploymentPostprocessing = 0;
		};
/* End PBXFrameworksBuildPhase section */

/* Begin PBXGroup section */
		1003900D18095776008B9453 /* playerImages */ = {
			isa = PBXGroup;
			children = (
				10492549198C083300706441 /* A Flower.jpg */,
				1049254A198C083300706441 /* A Jadeja.jpg */,
				1049254B198C083300706441 /* A Kumble.jpg */,
				1049254C198C083300706441 /* A Ranatunga.jpg */,
				1049254D198C083300706441 /* A Symonds.jpg */,
				1049254E198C083300706441 /* AB Agarkar.jpg */,
				1049254F198C083300706441 /* Abdul Razzaq.jpg */,
				10492550198C083300706441 /* AC Gilchrist.jpg */,
				10492551198C083300706441 /* AC Parore.jpg */,
				10492552198C083400706441 /* ADR Campbell.jpg */,
				10492553198C083400706441 /* AJ Stewart.jpg */,
				10492554198C083400706441 /* AR Border.jpg */,
				10492555198C083400706441 /* B Lee.jpg */,
				10492556198C083400706441 /* BB McCullum.jpg */,
				10492557198C083400706441 /* BC Lara.jpg */,
				10492558198C083400706441 /* CA Walsh.jpg */,
				10492559198C083400706441 /* CD McMillan.jpg */,
				1049255A198C083400706441 /* CEL Ambrose.jpg */,
				1049255B198C083400706441 /* CH Gayle.jpg */,
				1049255C198C083400706441 /* CL Cairns.jpg */,
				1049255D198C083400706441 /* CL Hooper.jpg */,
				1049255F198C083400706441 /* CZ Harris.jpg */,
				10492560198C083400706441 /* DC Boon.jpg */,
				10492561198C083400706441 /* DL Haynes.jpg */,
				10492562198C083400706441 /* DL Vettori.jpg */,
				10492563198C083400706441 /* DR Martyn.jpg */,
				10492564198C083400706441 /* G Kirsten.jpg */,
				10492565198C083400706441 /* GC Smith.jpg */,
				10492566198C083400706441 /* GD McGrath.jpg */,
				10492567198C083400706441 /* GW Flower.jpg */,
				10492568198C083400706441 /* Harbhajan Singh.jpg */,
				10492569198C083400706441 /* HH Gibbs.jpg */,
				1049256A198C083400706441 /* HH Streak.jpg */,
				1049256B198C083400706441 /* HP Tillakaratne.jpg */,
				1049256C198C083400706441 /* IA Healy.jpg */,
				1049256D198C083400706441 /* Ijaz Ahmed.jpg */,
				1049256E198C083400706441 /* Imran Khan.jpg */,
				1049256F198C083400706441 /* IVA Richards.jpg */,
				10492570198C083400706441 /* J Srinath.jpg */,
				10492571198C083400706441 /* Javed Miandad.jpg */,
				10492572198C083400706441 /* JH Kallis.jpg */,
				10492573198C083400706441 /* JM Anderson.jpg */,
				10492574198C083400706441 /* JN Rhodes.jpg */,
				10492575198C083400706441 /* Kapil Dev.jpg */,
				10492576198C083400706441 /* KC Sangakkara.jpg */,
				10492577198C083400706441 /* L Klusener.jpg */,
				10492578198C083400706441 /* M Azharuddin.jpg */,
				10492579198C083400706441 /* M Muralitharan.jpg */,
				1049257A198C083400706441 /* M Ntini.jpg */,
				1049257B198C083400706441 /* ME Waugh.jpg */,
				1049257C198C083400706441 /* MEK Hussey.jpg */,
				1049257D198C083400706441 /* MG Bevan.jpg */,
				1049257E198C083400706441 /* MJ Clarke.jpg */,
				1049257F198C083400706441 /* Mohammad Ashraful.jpg */,
				10492580198C083400706441 /* Mohammad Yousuf.jpg */,
				10492581198C083400706441 /* Moin Khan.jpg */,
				10492582198C083400706441 /* MS Atapattu.jpg */,
				10492583198C083400706441 /* MS Dhoni.jpg */,
				10492584198C083400706441 /* MV Boucher.jpg */,
				10492585198C083400706441 /* NJ Astle.jpg */,
				10492586198C083400706441 /* P Aravinda de Silva.jpg */,
				10492587198C083400706441 /* PD Collingwood.jpg */,
				10492588198C083400706441 /* PJL Dujon.jpg */,
				10492589198C083400706441 /* R Dravid.jpg */,
				1049258A198C083400706441 /* Rameez Raja.jpg */,
				1049258B198C083400706441 /* RB Richardson.jpg */,
				1049258C198C083400706441 /* RP Arnold.jpg */,
				1049258D198C083400706441 /* RR Sarwan.jpg */,
				1049258E198C083400706441 /* RS Kaluwitharana.jpg */,
				1049258F198C083400706441 /* RS Mahanama.jpg */,
				10492590198C083400706441 /* S Chanderpaul.jpg */,
				10492591198C083400706441 /* Saeed Anwar.jpg */,
				10492592198C083400706441 /* Saleem Malik.jpg */,
				10492593198C083400706441 /* Saqlain Mushtaq.jpg */,
				10492594198C083400706441 /* SB Styris.jpg */,
				10492595198C083400706441 /* SC Ganguly.jpg */,
				10492596198C083400706441 /* Shoaib Malik.jpg */,
				10492597198C083400706441 /* SK Raina.jpg */,
				10492598198C083400706441 /* SL Malinga.jpg */,
				10492599198C083400706441 /* SM Pollock.jpg */,
				1049259A198C083400706441 /* SP Fleming.jpg */,
				1049259B198C083400706441 /* SR Watson.jpg */,
				1049259C198C083400706441 /* SR Waugh.jpg */,
				1049259D198C083400706441 /* TM Dilshan.jpg */,
				1049259E198C083400706441 /* V Sehwag.jpg */,
				1049259F198C083400706441 /* Waqar Younis.jpg */,
				104925A0198C083400706441 /* Wasim Akram.jpg */,
				104925A1198C083400706441 /* WJ Cronje.jpg */,
				104925A2198C083400706441 /* WPUJC Vaas.jpg */,
				104925A3198C083400706441 /* WU Tharanga.jpg */,
				104925A4198C083400706441 /* Younis Khan.jpg */,
				104925A5198C083400706441 /* Yuvraj Singh.jpg */,
				104925A6198C083400706441 /* Z Khan.jpg */,
				107CC15A197ED8D10042C4CF /* avatar.jpg */,
				107CC14A197ED2EC0042C4CF /* Inzamam-ul-Haq.jpg */,
				107CC14B197ED2EC0042C4CF /* DPMD Jayawardene.jpg */,
				107CC14C197ED2EC0042C4CF /* Misbah-ul-Haq .jpg */,
				107CC14D197ED2EC0042C4CF /* RT Ponting.jpg */,
				107CC14E197ED2EC0042C4CF /* Shahid Afridi.jpg */,
				107CC14F197ED2EC0042C4CF /* SK Warne.jpg */,
				107CC150197ED2EC0042C4CF /* SR Tendulkar.jpg */,
				107CC151197ED2EC0042C4CF /* ST Jayasuriya.jpg */,
			);
			name = playerImages;
			sourceTree = "<group>";
		};
		1042BE7917FC829C00FE9298 = {
			isa = PBXGroup;
			children = (
				1042BE8B17FC829D00FE9298 /* PlayerCards */,
				1042BEA417FC829D00FE9298 /* PlayerCardsTests */,
				1042BE8417FC829D00FE9298 /* Frameworks */,
				1042BE8317FC829D00FE9298 /* Products */,
			);
			sourceTree = "<group>";
		};
		1042BE8317FC829D00FE9298 /* Products */ = {
			isa = PBXGroup;
			children = (
				1042BE8217FC829D00FE9298 /* PlayerCards.app */,
				1042BE9D17FC829D00FE9298 /* PlayerCardsTests.xctest */,
			);
			name = Products;
			sourceTree = "<group>";
		};
		1042BE8417FC829D00FE9298 /* Frameworks */ = {
			isa = PBXGroup;
			children = (
				1042BE8517FC829D00FE9298 /* Foundation.framework */,
				1042BE8717FC829D00FE9298 /* CoreGraphics.framework */,
				1042BE8917FC829D00FE9298 /* UIKit.framework */,
				1042BE9E17FC829D00FE9298 /* XCTest.framework */,
			);
			name = Frameworks;
			sourceTree = "<group>";
		};
		1042BE8B17FC829D00FE9298 /* PlayerCards */ = {
			isa = PBXGroup;
			children = (
				10242AB2183EF9FA00DBF9F2 /* iPhonePlayerCardsMain3_5firmfactor.storyboard */,
				10FE0143180ACBC4007CF6F8 /* applicationLogic */,
				10FE0142180ACB7C007CF6F8 /* resources */,
				10FE0141180ACAB3007CF6F8 /* viewControllers */,
				1003900D18095776008B9453 /* playerImages */,
				1042BE9417FC829D00FE9298 /* VCKiAppDelegate.h */,
				1042BE9517FC829D00FE9298 /* VCKiAppDelegate.m */,
				1042BE9717FC829D00FE9298 /* Images.xcassets */,
				1042BE8C17FC829D00FE9298 /* Supporting Files */,
			);
			path = PlayerCards;
			sourceTree = "<group>";
		};
		1042BE8C17FC829D00FE9298 /* Supporting Files */ = {
			isa = PBXGroup;
			children = (
				1042BE8D17FC829D00FE9298 /* PlayerCards-Info.plist */,
				1042BE8E17FC829D00FE9298 /* InfoPlist.strings */,
				1042BE9117FC829D00FE9298 /* main.m */,
				1042BE9317FC829D00FE9298 /* PlayerCards-Prefix.pch */,
			);
			name = "Supporting Files";
			sourceTree = "<group>";
		};
		1042BEA417FC829D00FE9298 /* PlayerCardsTests */ = {
			isa = PBXGroup;
			children = (
				1042BEAA17FC829D00FE9298 /* PlayerCardsTests.m */,
				1042BEA517FC829D00FE9298 /* Supporting Files */,
			);
			path = PlayerCardsTests;
			sourceTree = "<group>";
		};
		1042BEA517FC829D00FE9298 /* Supporting Files */ = {
			isa = PBXGroup;
			children = (
				1042BEA617FC829D00FE9298 /* PlayerCardsTests-Info.plist */,
				1042BEA717FC829D00FE9298 /* InfoPlist.strings */,
			);
			name = "Supporting Files";
			sourceTree = "<group>";
		};
		10FE0141180ACAB3007CF6F8 /* viewControllers */ = {
			isa = PBXGroup;
			children = (
				101420BE1828B448001FF7FF /* VCKiTimerViewController.h */,
				101420BF1828B448001FF7FF /* VCKiTimerViewController.m */,
				1042BEBC17FDF35100FE9298 /* VCKiIntroViews.h */,
				1042BEBD17FDF35100FE9298 /* VCKiIntroViews.m */,
				101B95391804971C009FD942 /* VCKiManualPagesViewCtrl.h */,
				101B953A1804971C009FD942 /* VCKiManualPagesViewCtrl.m */,
				101B953C180498B0009FD942 /* VCKiRootPageViewCtrl.h */,
				101B953D180498B0009FD942 /* VCKiRootPageViewCtrl.m */,
				100390061808782B008B9453 /* VCKiPlayScreenViewCtrl.h */,
				100390071808782B008B9453 /* VCKiPlayScreenViewCtrl.m */,
				10FE013E180A7527007CF6F8 /* VCKiConfirmBetScreenViewCtrl.h */,
				10FE013F180A7527007CF6F8 /* VCKiConfirmBetScreenViewCtrl.m */,
				10A49CAA18131BFB00DA5609 /* VCKiPrimarySquadIViewCtrl.h */,
				10A49CAB18131BFB00DA5609 /* VCKiPrimarySquadIViewCtrl.m */,
				1031F97E182E2C1F00637D9E /* VCKiSeondarySquatViewController.h */,
				1031F97F182E2C1F00637D9E /* VCKiSeondarySquatViewController.m */,
				10185A20182FEC0300F5AF17 /* VCKiPlayResultViewController.h */,
				10185A21182FEC0300F5AF17 /* VCKiPlayResultViewController.m */,
				1006120A1834187800FDE096 /* VCKiFinalResultViewController.h */,
				1006120B1834187800FDE096 /* VCKiFinalResultViewController.m */,
			);
			name = viewControllers;
			sourceTree = "<group>";
		};
		10FE0142180ACB7C007CF6F8 /* resources */ = {
			isa = PBXGroup;
			children = (
				10E0EDE8197C448700D63937 /* 51-outlet.png */,
				10487D47183E17F00087B377 /* 156-controlpad.png */,
				10487D43183E149F0087B377 /* 132-ghost.png */,
				10487D44183E149F0087B377 /* 135-hockeymask.png */,
				105277D818317B7600739B87 /* Redcaps.png */,
				105277D61831764E00739B87 /* bluecap.png */,
				103433CB180DBF5F00058CC1 /* 2.png */,
				103433C9180DBA8B00058CC1 /* 1.png */,
				10038FF91807B1E6008B9453 /* playerData.plist */,
				10038FFB1807D2A8008B9453 /* manualPages.plist */,
			);
			name = resources;
			sourceTree = "<group>";
		};
		10FE0143180ACBC4007CF6F8 /* applicationLogic */ = {
			isa = PBXGroup;
			children = (
				10038FFD1807D41C008B9453 /* VCKiManualPageContentSerializer.h */,
				10038FFE1807D41C008B9453 /* VCKiManualPageContentSerializer.m */,
				1003900018084F9F008B9453 /* VCKiPlayerEntity.h */,
				1003900118084F9F008B9453 /* VCKiPlayerEntity.m */,
				10039003180863C8008B9453 /* VCKiPlayerRecordReader.h */,
				10039004180863C8008B9453 /* VCKiPlayerRecordReader.m */,
			);
			name = applicationLogic;
			sourceTree = "<group>";
		};
/* End PBXGroup section */

/* Begin PBXNativeTarget section */
		1042BE8117FC829D00FE9298 /* PlayerCards */ = {
			isa = PBXNativeTarget;
			buildConfigurationList = 1042BEAE17FC829D00FE9298 /* Build configuration list for PBXNativeTarget "PlayerCards" */;
			buildPhases = (
				1042BE7E17FC829D00FE9298 /* Sources */,
				1042BE7F17FC829D00FE9298 /* Frameworks */,
				1042BE8017FC829D00FE9298 /* Resources */,
			);
			buildRules = (
			);
			dependencies = (
			);
			name = PlayerCards;
			productName = PlayerCards;
			productReference = 1042BE8217FC829D00FE9298 /* PlayerCards.app */;
			productType = "com.apple.product-type.application";
		};
		1042BE9C17FC829D00FE9298 /* PlayerCardsTests */ = {
			isa = PBXNativeTarget;
			buildConfigurationList = 1042BEB117FC829D00FE9298 /* Build configuration list for PBXNativeTarget "PlayerCardsTests" */;
			buildPhases = (
				1042BE9917FC829D00FE9298 /* Sources */,
				1042BE9A17FC829D00FE9298 /* Frameworks */,
				1042BE9B17FC829D00FE9298 /* Resources */,
			);
			buildRules = (
			);
			dependencies = (
				1042BEA317FC829D00FE9298 /* PBXTargetDependency */,
			);
			name = PlayerCardsTests;
			productName = PlayerCardsTests;
			productReference = 1042BE9D17FC829D00FE9298 /* PlayerCardsTests.xctest */;
			productType = "com.apple.product-type.bundle.unit-test";
		};
/* End PBXNativeTarget section */

/* Begin PBXProject section */
		1042BE7A17FC829D00FE9298 /* Project object */ = {
			isa = PBXProject;
			attributes = {
				CLASSPREFIX = VCKi;
				LastUpgradeCheck = 0510;
				ORGANIZATIONNAME = VenCKi;
				TargetAttributes = {
					1042BE9C17FC829D00FE9298 = {
						TestTargetID = 1042BE8117FC829D00FE9298;
					};
				};
			};
			buildConfigurationList = 1042BE7D17FC829D00FE9298 /* Build configuration list for PBXProject "PlayerCards" */;
			compatibilityVersion = "Xcode 3.2";
			developmentRegion = English;
			hasScannedForEncodings = 0;
			knownRegions = (
				en,
			);
			mainGroup = 1042BE7917FC829C00FE9298;
			productRefGroup = 1042BE8317FC829D00FE9298 /* Products */;
			projectDirPath = "";
			projectRoot = "";
			targets = (
				1042BE8117FC829D00FE9298 /* PlayerCards */,
				1042BE9C17FC829D00FE9298 /* PlayerCardsTests */,
			);
		};
/* End PBXProject section */

/* Begin PBXResourcesBuildPhase section */
		1042BE8017FC829D00FE9298 /* Resources */ = {
			isa = PBXResourcesBuildPhase;
			buildActionMask = 2147483647;
			files = (
				10E0EDE9197C448700D63937 /* 51-outlet.png in Resources */,
				107CC154197ED2EC0042C4CF /* Misbah-ul-Haq .jpg in Resources */,
				104925F4198C083400706441 /* Shoaib Malik.jpg in Resources */,
				104925AE198C083400706441 /* AC Gilchrist.jpg in Resources */,
				104925F0198C083400706441 /* Saleem Malik.jpg in Resources */,
				104925B5198C083400706441 /* BC Lara.jpg in Resources */,
				104925D7198C083400706441 /* M Muralitharan.jpg in Resources */,
				104925FD198C083400706441 /* Waqar Younis.jpg in Resources */,
				104925EA198C083400706441 /* RP Arnold.jpg in Resources */,
				104925A9198C083400706441 /* A Kumble.jpg in Resources */,
				104925DB198C083400706441 /* MG Bevan.jpg in Resources */,
				104925C9198C083400706441 /* HP Tillakaratne.jpg in Resources */,
				103433CC180DBF5F00058CC1 /* 2.png in Resources */,
				104925CA198C083400706441 /* IA Healy.jpg in Resources */,
				104925C3198C083400706441 /* GC Smith.jpg in Resources */,
				104925D6198C083400706441 /* M Azharuddin.jpg in Resources */,
				104925C6198C083400706441 /* Harbhajan Singh.jpg in Resources */,
				104925ED198C083400706441 /* RS Mahanama.jpg in Resources */,
				104925DA198C083400706441 /* MEK Hussey.jpg in Resources */,
				104925D3198C083400706441 /* Kapil Dev.jpg in Resources */,
				104925F1198C083400706441 /* Saqlain Mushtaq.jpg in Resources */,
				107CC158197ED2EC0042C4CF /* SR Tendulkar.jpg in Resources */,
				104925BB198C083400706441 /* CL Hooper.jpg in Resources */,
				104925B3198C083400706441 /* B Lee.jpg in Resources */,
				104925D0198C083400706441 /* JH Kallis.jpg in Resources */,
				107CC152197ED2EC0042C4CF /* Inzamam-ul-Haq.jpg in Resources */,
				104925C2198C083400706441 /* G Kirsten.jpg in Resources */,
				104925B4198C083400706441 /* BB McCullum.jpg in Resources */,
				10038FFC1807D2A8008B9453 /* manualPages.plist in Resources */,
				104925CD198C083400706441 /* IVA Richards.jpg in Resources */,
				104925B7198C083400706441 /* CD McMillan.jpg in Resources */,
				104925DD198C083400706441 /* Mohammad Ashraful.jpg in Resources */,
				104925FC198C083400706441 /* V Sehwag.jpg in Resources */,
				104925F5198C083400706441 /* SK Raina.jpg in Resources */,
				107CC155197ED2EC0042C4CF /* RT Ponting.jpg in Resources */,
				104925DF198C083400706441 /* Moin Khan.jpg in Resources */,
				107CC159197ED2EC0042C4CF /* ST Jayasuriya.jpg in Resources */,
				104925EE198C083400706441 /* S Chanderpaul.jpg in Resources */,
				104925C7198C083400706441 /* HH Gibbs.jpg in Resources */,
				104925FB198C083400706441 /* TM Dilshan.jpg in Resources */,
				10487D46183E149F0087B377 /* 135-hockeymask.png in Resources */,
				104925D2198C083400706441 /* JN Rhodes.jpg in Resources */,
				105277D71831764E00739B87 /* bluecap.png in Resources */,
				104925C1198C083400706441 /* DR Martyn.jpg in Resources */,
				104925B1198C083400706441 /* AJ Stewart.jpg in Resources */,
				104925E3198C083400706441 /* NJ Astle.jpg in Resources */,
				104925AB198C083400706441 /* A Symonds.jpg in Resources */,
				104925AF198C083400706441 /* AC Parore.jpg in Resources */,
				107CC157197ED2EC0042C4CF /* SK Warne.jpg in Resources */,
				103433CA180DBA8B00058CC1 /* 1.png in Resources */,
				10242AB3183EF9FA00DBF9F2 /* iPhonePlayerCardsMain3_5firmfactor.storyboard in Resources */,
				104925E7198C083400706441 /* R Dravid.jpg in Resources */,
				10038FFA1807B1E6008B9453 /* playerData.plist in Resources */,
				104925C8198C083400706441 /* HH Streak.jpg in Resources */,
				10492602198C083400706441 /* Younis Khan.jpg in Resources */,
				104925FE198C083400706441 /* Wasim Akram.jpg in Resources */,
				107CC156197ED2EC0042C4CF /* Shahid Afridi.jpg in Resources */,
				104925E1198C083400706441 /* MS Dhoni.jpg in Resources */,
				104925E9198C083400706441 /* RB Richardson.jpg in Resources */,
				105277D918317B7600739B87 /* Redcaps.png in Resources */,
				104925D8198C083400706441 /* M Ntini.jpg in Resources */,
				104925F7198C083400706441 /* SM Pollock.jpg in Resources */,
				10487D45183E149F0087B377 /* 132-ghost.png in Resources */,
				104925EC198C083400706441 /* RS Kaluwitharana.jpg in Resources */,
				10492604198C083400706441 /* Z Khan.jpg in Resources */,
				1042BE9017FC829D00FE9298 /* InfoPlist.strings in Resources */,
				10492600198C083400706441 /* WPUJC Vaas.jpg in Resources */,
				104925BA198C083400706441 /* CL Cairns.jpg in Resources */,
				104925D4198C083400706441 /* KC Sangakkara.jpg in Resources */,
				104925E0198C083400706441 /* MS Atapattu.jpg in Resources */,
				104925F2198C083400706441 /* SB Styris.jpg in Resources */,
				104925B0198C083400706441 /* ADR Campbell.jpg in Resources */,
				104925F9198C083400706441 /* SR Watson.jpg in Resources */,
				104925A7198C083400706441 /* A Flower.jpg in Resources */,
				104925A8198C083400706441 /* A Jadeja.jpg in Resources */,
				104925F6198C083400706441 /* SL Malinga.jpg in Resources */,
				10487D48183E17F00087B377 /* 156-controlpad.png in Resources */,
				104925AA198C083400706441 /* A Ranatunga.jpg in Resources */,
				104925BF198C083400706441 /* DL Haynes.jpg in Resources */,
				107CC153197ED2EC0042C4CF /* DPMD Jayawardene.jpg in Resources */,
				104925B2198C083400706441 /* AR Border.jpg in Resources */,
				104925E2198C083400706441 /* MV Boucher.jpg in Resources */,
				104925AC198C083400706441 /* AB Agarkar.jpg in Resources */,
				104925CB198C083400706441 /* Ijaz Ahmed.jpg in Resources */,
				104925E5198C083400706441 /* PD Collingwood.jpg in Resources */,
				104925CE198C083400706441 /* J Srinath.jpg in Resources */,
				104925FA198C083400706441 /* SR Waugh.jpg in Resources */,
				104925D9198C083400706441 /* ME Waugh.jpg in Resources */,
				104925C5198C083400706441 /* GW Flower.jpg in Resources */,
				104925D1198C083400706441 /* JM Anderson.jpg in Resources */,
				104925E4198C083400706441 /* P Aravinda de Silva.jpg in Resources */,
				104925E6198C083400706441 /* PJL Dujon.jpg in Resources */,
				10492603198C083400706441 /* Yuvraj Singh.jpg in Resources */,
				104925EB198C083400706441 /* RR Sarwan.jpg in Resources */,
				104925E8198C083400706441 /* Rameez Raja.jpg in Resources */,
				104925C4198C083400706441 /* GD McGrath.jpg in Resources */,
				104925B8198C083400706441 /* CEL Ambrose.jpg in Resources */,
				104925BE198C083400706441 /* DC Boon.jpg in Resources */,
				104925DC198C083400706441 /* MJ Clarke.jpg in Resources */,
				104925F8198C083400706441 /* SP Fleming.jpg in Resources */,
				10492601198C083400706441 /* WU Tharanga.jpg in Resources */,
				104925EF198C083400706441 /* Saeed Anwar.jpg in Resources */,
				104925D5198C083400706441 /* L Klusener.jpg in Resources */,
				104925CF198C083400706441 /* Javed Miandad.jpg in Resources */,
				104925F3198C083400706441 /* SC Ganguly.jpg in Resources */,
				104925AD198C083400706441 /* Abdul Razzaq.jpg in Resources */,
				104925FF198C083400706441 /* WJ Cronje.jpg in Resources */,
				104925C0198C083400706441 /* DL Vettori.jpg in Resources */,
				104925CC198C083400706441 /* Imran Khan.jpg in Resources */,
				104925B9198C083400706441 /* CH Gayle.jpg in Resources */,
				104925DE198C083400706441 /* Mohammad Yousuf.jpg in Resources */,
				107CC15B197ED8D10042C4CF /* avatar.jpg in Resources */,
				104925B6198C083400706441 /* CA Walsh.jpg in Resources */,
				104925BD198C083400706441 /* CZ Harris.jpg in Resources */,
				1042BE9817FC829D00FE9298 /* Images.xcassets in Resources */,
			);
			runOnlyForDeploymentPostprocessing = 0;
		};
		1042BE9B17FC829D00FE9298 /* Resources */ = {
			isa = PBXResourcesBuildPhase;
			buildActionMask = 2147483647;
			files = (
				1042BEA917FC829D00FE9298 /* InfoPlist.strings in Resources */,
			);
			runOnlyForDeploymentPostprocessing = 0;
		};
/* End PBXResourcesBuildPhase section */

/* Begin PBXSourcesBuildPhase section */
		1042BE7E17FC829D00FE9298 /* Sources */ = {
			isa = PBXSourcesBuildPhase;
			buildActionMask = 2147483647;
			files = (
				1042BE9217FC829D00FE9298 /* main.m in Sources */,
				101420C01828B448001FF7FF /* VCKiTimerViewController.m in Sources */,
				1042BEBE17FDF35100FE9298 /* VCKiIntroViews.m in Sources */,
				1042BE9617FC829D00FE9298 /* VCKiAppDelegate.m in Sources */,
				10185A22182FEC0300F5AF17 /* VCKiPlayResultViewController.m in Sources */,
				10A49CAC18131BFB00DA5609 /* VCKiPrimarySquadIViewCtrl.m in Sources */,
				1006120C1834187800FDE096 /* VCKiFinalResultViewController.m in Sources */,
				101B953E180498B0009FD942 /* VCKiRootPageViewCtrl.m in Sources */,
				101B953B1804971C009FD942 /* VCKiManualPagesViewCtrl.m in Sources */,
				1031F980182E2C1F00637D9E /* VCKiSeondarySquatViewController.m in Sources */,
				1003900218084F9F008B9453 /* VCKiPlayerEntity.m in Sources */,
				100390081808782B008B9453 /* VCKiPlayScreenViewCtrl.m in Sources */,
				10038FFF1807D41C008B9453 /* VCKiManualPageContentSerializer.m in Sources */,
				10039005180863C8008B9453 /* VCKiPlayerRecordReader.m in Sources */,
				10FE0140180A7527007CF6F8 /* VCKiConfirmBetScreenViewCtrl.m in Sources */,
			);
			runOnlyForDeploymentPostprocessing = 0;
		};
		1042BE9917FC829D00FE9298 /* Sources */ = {
			isa = PBXSourcesBuildPhase;
			buildActionMask = 2147483647;
			files = (
				1042BEAB17FC829D00FE9298 /* PlayerCardsTests.m in Sources */,
			);
			runOnlyForDeploymentPostprocessing = 0;
		};
/* End PBXSourcesBuildPhase section */

/* Begin PBXTargetDependency section */
		1042BEA317FC829D00FE9298 /* PBXTargetDependency */ = {
			isa = PBXTargetDependency;
			target = 1042BE8117FC829D00FE9298 /* PlayerCards */;
			targetProxy = 1042BEA217FC829D00FE9298 /* PBXContainerItemProxy */;
		};
/* End PBXTargetDependency section */

/* Begin PBXVariantGroup section */
		1042BE8E17FC829D00FE9298 /* InfoPlist.strings */ = {
			isa = PBXVariantGroup;
			children = (
				1042BE8F17FC829D00FE9298 /* en */,
			);
			name = InfoPlist.strings;
			sourceTree = "<group>";
		};
		1042BEA717FC829D00FE9298 /* InfoPlist.strings */ = {
			isa = PBXVariantGroup;
			children = (
				1042BEA817FC829D00FE9298 /* en */,
			);
			name = InfoPlist.strings;
			sourceTree = "<group>";
		};
/* End PBXVariantGroup section */

/* Begin XCBuildConfiguration section */
		1042BEAC17FC829D00FE9298 /* Debug */ = {
			isa = XCBuildConfiguration;
			buildSettings = {
				ALWAYS_SEARCH_USER_PATHS = NO;
				CLANG_CXX_LANGUAGE_STANDARD = "gnu++0x";
				CLANG_CXX_LIBRARY = "libc++";
				CLANG_ENABLE_MODULES = YES;
				CLANG_ENABLE_OBJC_ARC = YES;
				CLANG_WARN_BOOL_CONVERSION = YES;
				CLANG_WARN_CONSTANT_CONVERSION = YES;
				CLANG_WARN_DIRECT_OBJC_ISA_USAGE = YES_ERROR;
				CLANG_WARN_EMPTY_BODY = YES;
				CLANG_WARN_ENUM_CONVERSION = YES;
				CLANG_WARN_INT_CONVERSION = YES;
				CLANG_WARN_OBJC_ROOT_CLASS = YES_ERROR;
				CLANG_WARN__DUPLICATE_METHOD_MATCH = YES;
				CODE_SIGN_IDENTITY = "iPhone Developer: ADP India (SS42A4AAFV)";
				"CODE_SIGN_IDENTITY[sdk=iphoneos*]" = "iPhone Developer";
				COPY_PHASE_STRIP = NO;
				GCC_C_LANGUAGE_STANDARD = gnu99;
				GCC_DYNAMIC_NO_PIC = NO;
				GCC_OPTIMIZATION_LEVEL = 0;
				GCC_PREPROCESSOR_DEFINITIONS = (
					"DEBUG=1",
					"$(inherited)",
				);
				GCC_SYMBOLS_PRIVATE_EXTERN = NO;
				GCC_WARN_64_TO_32_BIT_CONVERSION = YES;
				GCC_WARN_ABOUT_RETURN_TYPE = YES_ERROR;
				GCC_WARN_UNDECLARED_SELECTOR = YES;
				GCC_WARN_UNINITIALIZED_AUTOS = YES;
				GCC_WARN_UNUSED_FUNCTION = YES;
				GCC_WARN_UNUSED_VARIABLE = YES;
				IPHONEOS_DEPLOYMENT_TARGET = 7.0;
				ONLY_ACTIVE_ARCH = YES;
				SDKROOT = iphoneos;
				TARGETED_DEVICE_FAMILY = "1,2";
			};
			name = Debug;
		};
		1042BEAD17FC829D00FE9298 /* Release */ = {
			isa = XCBuildConfiguration;
			buildSettings = {
				ALWAYS_SEARCH_USER_PATHS = NO;
				CLANG_CXX_LANGUAGE_STANDARD = "gnu++0x";
				CLANG_CXX_LIBRARY = "libc++";
				CLANG_ENABLE_MODULES = YES;
				CLANG_ENABLE_OBJC_ARC = YES;
				CLANG_WARN_BOOL_CONVERSION = YES;
				CLANG_WARN_CONSTANT_CONVERSION = YES;
				CLANG_WARN_DIRECT_OBJC_ISA_USAGE = YES_ERROR;
				CLANG_WARN_EMPTY_BODY = YES;
				CLANG_WARN_ENUM_CONVERSION = YES;
				CLANG_WARN_INT_CONVERSION = YES;
				CLANG_WARN_OBJC_ROOT_CLASS = YES_ERROR;
				CLANG_WARN__DUPLICATE_METHOD_MATCH = YES;
				CODE_SIGN_IDENTITY = "iPhone Developer: ADP India (SS42A4AAFV)";
				"CODE_SIGN_IDENTITY[sdk=iphoneos*]" = "iPhone Developer";
				COPY_PHASE_STRIP = YES;
				ENABLE_NS_ASSERTIONS = NO;
				GCC_C_LANGUAGE_STANDARD = gnu99;
				GCC_WARN_64_TO_32_BIT_CONVERSION = YES;
				GCC_WARN_ABOUT_RETURN_TYPE = YES_ERROR;
				GCC_WARN_UNDECLARED_SELECTOR = YES;
				GCC_WARN_UNINITIALIZED_AUTOS = YES;
				GCC_WARN_UNUSED_FUNCTION = YES;
				GCC_WARN_UNUSED_VARIABLE = YES;
				IPHONEOS_DEPLOYMENT_TARGET = 7.0;
				SDKROOT = iphoneos;
				TARGETED_DEVICE_FAMILY = "1,2";
				VALIDATE_PRODUCT = YES;
			};
			name = Release;
		};
		1042BEAF17FC829D00FE9298 /* Debug */ = {
			isa = XCBuildConfiguration;
			buildSettings = {
				ASSETCATALOG_COMPILER_APPICON_NAME = AppIcon;
				ASSETCATALOG_COMPILER_LAUNCHIMAGE_NAME = LaunchImage;
				GCC_PRECOMPILE_PREFIX_HEADER = YES;
				GCC_PREFIX_HEADER = "PlayerCards/PlayerCards-Prefix.pch";
				INFOPLIST_FILE = "PlayerCards/PlayerCards-Info.plist";
				PRODUCT_NAME = "$(TARGET_NAME)";
				TARGETED_DEVICE_FAMILY = 1;
				WRAPPER_EXTENSION = app;
			};
			name = Debug;
		};
		1042BEB017FC829D00FE9298 /* Release */ = {
			isa = XCBuildConfiguration;
			buildSettings = {
				ASSETCATALOG_COMPILER_APPICON_NAME = AppIcon;
				ASSETCATALOG_COMPILER_LAUNCHIMAGE_NAME = LaunchImage;
				GCC_PRECOMPILE_PREFIX_HEADER = YES;
				GCC_PREFIX_HEADER = "PlayerCards/PlayerCards-Prefix.pch";
				INFOPLIST_FILE = "PlayerCards/PlayerCards-Info.plist";
				PRODUCT_NAME = "$(TARGET_NAME)";
				TARGETED_DEVICE_FAMILY = 1;
				WRAPPER_EXTENSION = app;
			};
			name = Release;
		};
		1042BEB217FC829D00FE9298 /* Debug */ = {
			isa = XCBuildConfiguration;
			buildSettings = {
				BUNDLE_LOADER = "$(BUILT_PRODUCTS_DIR)/PlayerCards.app/PlayerCards";
				FRAMEWORK_SEARCH_PATHS = (
					"$(SDKROOT)/Developer/Library/Frameworks",
					"$(inherited)",
					"$(DEVELOPER_FRAMEWORKS_DIR)",
				);
				GCC_PRECOMPILE_PREFIX_HEADER = YES;
				GCC_PREFIX_HEADER = "PlayerCards/PlayerCards-Prefix.pch";
				GCC_PREPROCESSOR_DEFINITIONS = (
					"DEBUG=1",
					"$(inherited)",
				);
				INFOPLIST_FILE = "PlayerCardsTests/PlayerCardsTests-Info.plist";
				PRODUCT_NAME = "$(TARGET_NAME)";
				TEST_HOST = "$(BUNDLE_LOADER)";
				WRAPPER_EXTENSION = xctest;
			};
			name = Debug;
		};
		1042BEB317FC829D00FE9298 /* Release */ = {
			isa = XCBuildConfiguration;
			buildSettings = {
				BUNDLE_LOADER = "$(BUILT_PRODUCTS_DIR)/PlayerCards.app/PlayerCards";
				FRAMEWORK_SEARCH_PATHS = (
					"$(SDKROOT)/Developer/Library/Frameworks",
					"$(inherited)",
					"$(DEVELOPER_FRAMEWORKS_DIR)",
				);
				GCC_PRECOMPILE_PREFIX_HEADER = YES;
				GCC_PREFIX_HEADER = "PlayerCards/PlayerCards-Prefix.pch";
				INFOPLIST_FILE = "PlayerCardsTests/PlayerCardsTests-Info.plist";
				PRODUCT_NAME = "$(TARGET_NAME)";
				TEST_HOST = "$(BUNDLE_LOADER)";
				WRAPPER_EXTENSION = xctest;
			};
			name = Release;
		};
/* End XCBuildConfiguration section */

/* Begin XCConfigurationList section */
		1042BE7D17FC829D00FE9298 /* Build configuration list for PBXProject "PlayerCards" */ = {
			isa = XCConfigurationList;
			buildConfigurations = (
				1042BEAC17FC829D00FE9298 /* Debug */,
				1042BEAD17FC829D00FE9298 /* Release */,
			);
			defaultConfigurationIsVisible = 0;
			defaultConfigurationName = Release;
		};
		1042BEAE17FC829D00FE9298 /* Build configuration list for PBXNativeTarget "PlayerCards" */ = {
			isa = XCConfigurationList;
			buildConfigurations = (
				1042BEAF17FC829D00FE9298 /* Debug */,
				1042BEB017FC829D00FE9298 /* Release */,
			);
			defaultConfigurationIsVisible = 0;
			defaultConfigurationName = Release;
		};
		1042BEB117FC829D00FE9298 /* Build configuration list for PBXNativeTarget "PlayerCardsTests" */ = {
			isa = XCConfigurationList;
			buildConfigurations = (
				1042BEB217FC829D00FE9298 /* Debug */,
				1042BEB317FC829D00FE9298 /* Release */,
			);
			defaultConfigurationIsVisible = 0;
			defaultConfigurationName = Release;
		};
/* End XCConfigurationList section */
	};
	rootObject = 1042BE7A17FC829D00FE9298 /* Project object */;
}
