// !$*UTF8*$!
{
	archiveVersion = 1;
	classes = {
	};
	objectVersion = 46;
	objects = {

/* Begin PBXBuildFile section */
		10038FFA1807B1E6008B9453 /* playerData.plist in Resources */ = {isa = PBXBuildFile; fileRef = 10038FF91807B1E6008B9453 /* playerData.plist */; };
		10038FFC1807D2A8008B9453 /* manualPages.plist in Resources */ = {isa = PBXBuildFile; fileRef = 10038FFB1807D2A8008B9453 /* manualPages.plist */; };
		10038FFF1807D41C008B9453 /* VCKiManualPageContentSerializer.m in Sources */ = {isa = PBXBuildFile; fileRef = 10038FFE1807D41C008B9453 /* VCKiManualPageContentSerializer.m */; };
		1003900218084F9F008B9453 /* VCKiPlayerEntity.m in Sources */ = {isa = PBXBuildFile; fileRef = 1003900118084F9F008B9453 /* VCKiPlayerEntity.m */; };
		10039005180863C8008B9453 /* VCKiPlayerRecordReader.m in Sources */ = {isa = PBXBuildFile; fileRef = 10039004180863C8008B9453 /* VCKiPlayerRecordReader.m */; };
		100390081808782B008B9453 /* VCKiPlayScreenViewCtrl.m in Sources */ = {isa = PBXBuildFile; fileRef = 100390071808782B008B9453 /* VCKiPlayScreenViewCtrl.m */; };
		1003900C18093DBC008B9453 /* wood.jpg in Resources */ = {isa = PBXBuildFile; fileRef = 1003900B18093DBC008B9453 /* wood.jpg */; };
		1003900F180957D0008B9453 /* rikcy-pointing.jpg in Resources */ = {isa = PBXBuildFile; fileRef = 1003900E180957D0008B9453 /* rikcy-pointing.jpg */; };
		1003901118096B4D008B9453 /* wood2.jpg in Resources */ = {isa = PBXBuildFile; fileRef = 1003901018096B4D008B9453 /* wood2.jpg */; };
		100390131809D6E6008B9453 /* ResultScreen.jpg in Resources */ = {isa = PBXBuildFile; fileRef = 100390121809D6E6008B9453 /* ResultScreen.jpg */; };
		101420C01828B448001FF7FF /* VCKiTimerViewController.m in Sources */ = {isa = PBXBuildFile; fileRef = 101420BF1828B448001FF7FF /* VCKiTimerViewController.m */; };
		10185A22182FEC0300F5AF17 /* VCKiPlayResultViewController.m in Sources */ = {isa = PBXBuildFile; fileRef = 10185A21182FEC0300F5AF17 /* VCKiPlayResultViewController.m */; };
		101B953B1804971C009FD942 /* VCKiManualPagesViewCtrl.m in Sources */ = {isa = PBXBuildFile; fileRef = 101B953A1804971C009FD942 /* VCKiManualPagesViewCtrl.m */; };
		101B953E180498B0009FD942 /* VCKiRootPageViewCtrl.m in Sources */ = {isa = PBXBuildFile; fileRef = 101B953D180498B0009FD942 /* VCKiRootPageViewCtrl.m */; };
		1031F980182E2C1F00637D9E /* VCKiSeondarySquatViewController.m in Sources */ = {isa = PBXBuildFile; fileRef = 1031F97F182E2C1F00637D9E /* VCKiSeondarySquatViewController.m */; };
		103433CA180DBA8B00058CC1 /* 1.png in Resources */ = {isa = PBXBuildFile; fileRef = 103433C9180DBA8B00058CC1 /* 1.png */; };
		103433CC180DBF5F00058CC1 /* 2.png in Resources */ = {isa = PBXBuildFile; fileRef = 103433CB180DBF5F00058CC1 /* 2.png */; };
		1042BE8617FC829D00FE9298 /* Foundation.framework in Frameworks */ = {isa = PBXBuildFile; fileRef = 1042BE8517FC829D00FE9298 /* Foundation.framework */; };
		1042BE8817FC829D00FE9298 /* CoreGraphics.framework in Frameworks */ = {isa = PBXBuildFile; fileRef = 1042BE8717FC829D00FE9298 /* CoreGraphics.framework */; };
		1042BE8A17FC829D00FE9298 /* UIKit.framework in Frameworks */ = {isa = PBXBuildFile; fileRef = 1042BE8917FC829D00FE9298 /* UIKit.framework */; };
		1042BE9017FC829D00FE9298 /* InfoPlist.strings in Resources */ = {isa = PBXBuildFile; fileRef = 1042BE8E17FC829D00FE9298 /* InfoPlist.strings */; };
		1042BE9217FC829D00FE9298 /* main.m in Sources */ = {isa = PBXBuildFile; fileRef = 1042BE9117FC829D00FE9298 /* main.m */; };
		1042BE9617FC829D00FE9298 /* VCKiAppDelegate.m in Sources */ = {isa = PBXBuildFile; fileRef = 1042BE9517FC829D00FE9298 /* VCKiAppDelegate.m */; };
		1042BE9817FC829D00FE9298 /* Images.xcassets in Resources */ = {isa = PBXBuildFile; fileRef = 1042BE9717FC829D00FE9298 /* Images.xcassets */; };
		1042BE9F17FC829D00FE9298 /* XCTest.framework in Frameworks */ = {isa = PBXBuildFile; fileRef = 1042BE9E17FC829D00FE9298 /* XCTest.framework */; };
		1042BEA017FC829D00FE9298 /* Foundation.framework in Frameworks */ = {isa = PBXBuildFile; fileRef = 1042BE8517FC829D00FE9298 /* Foundation.framework */; };
		1042BEA117FC829D00FE9298 /* UIKit.framework in Frameworks */ = {isa = PBXBuildFile; fileRef = 1042BE8917FC829D00FE9298 /* UIKit.framework */; };
		1042BEA917FC829D00FE9298 /* InfoPlist.strings in Resources */ = {isa = PBXBuildFile; fileRef = 1042BEA717FC829D00FE9298 /* InfoPlist.strings */; };
		1042BEAB17FC829D00FE9298 /* PlayerCardsTests.m in Sources */ = {isa = PBXBuildFile; fileRef = 1042BEAA17FC829D00FE9298 /* PlayerCardsTests.m */; };
		1042BEB517FC82F000FE9298 /* iPhonePlayerCardsMain.storyboard in Resources */ = {isa = PBXBuildFile; fileRef = 1042BEB417FC82F000FE9298 /* iPhonePlayerCardsMain.storyboard */; };
		1042BEBB17FC889A00FE9298 /* PlayerFirstscreen.png in Resources */ = {isa = PBXBuildFile; fileRef = 1042BEBA17FC889A00FE9298 /* PlayerFirstscreen.png */; };
		1042BEBE17FDF35100FE9298 /* VCKiIntroViews.m in Sources */ = {isa = PBXBuildFile; fileRef = 1042BEBD17FDF35100FE9298 /* VCKiIntroViews.m */; };
		10710D55180BCC17003F26BD /* PreResultScreen.jpg in Resources */ = {isa = PBXBuildFile; fileRef = 10710D54180BCC17003F26BD /* PreResultScreen.jpg */; };
		10710D57180C0B0C003F26BD /* MahimulHaq.jpg in Resources */ = {isa = PBXBuildFile; fileRef = 10710D56180C0B0C003F26BD /* MahimulHaq.jpg */; };
		10A49CAC18131BFB00DA5609 /* VCKiPrimarySquadIViewCtrl.m in Sources */ = {isa = PBXBuildFile; fileRef = 10A49CAB18131BFB00DA5609 /* VCKiPrimarySquadIViewCtrl.m */; };
		10FE0140180A7527007CF6F8 /* VCKiConfirmBetScreenViewCtrl.m in Sources */ = {isa = PBXBuildFile; fileRef = 10FE013F180A7527007CF6F8 /* VCKiConfirmBetScreenViewCtrl.m */; };
/* End PBXBuildFile section */

/* Begin PBXContainerItemProxy section */
		1042BEA217FC829D00FE9298 /* PBXContainerItemProxy */ = {
			isa = PBXContainerItemProxy;
			containerPortal = 1042BE7A17FC829D00FE9298 /* Project object */;
			proxyType = 1;
			remoteGlobalIDString = 1042BE8117FC829D00FE9298;
			remoteInfo = PlayerCards;
		};
/* End PBXContainerItemProxy section */

/* Begin PBXFileReference section */
		10038FF91807B1E6008B9453 /* playerData.plist */ = {isa = PBXFileReference; fileEncoding = 4; lastKnownFileType = text.plist.xml; path = playerData.plist; sourceTree = "<group>"; };
		10038FFB1807D2A8008B9453 /* manualPages.plist */ = {isa = PBXFileReference; fileEncoding = 4; lastKnownFileType = text.plist.xml; path = manualPages.plist; sourceTree = "<group>"; };
		10038FFD1807D41C008B9453 /* VCKiManualPageContentSerializer.h */ = {isa = PBXFileReference; fileEncoding = 4; lastKnownFileType = sourcecode.c.h; path = VCKiManualPageContentSerializer.h; sourceTree = "<group>"; };
		10038FFE1807D41C008B9453 /* VCKiManualPageContentSerializer.m */ = {isa = PBXFileReference; fileEncoding = 4; lastKnownFileType = sourcecode.c.objc; path = VCKiManualPageContentSerializer.m; sourceTree = "<group>"; };
		1003900018084F9F008B9453 /* VCKiPlayerEntity.h */ = {isa = PBXFileReference; fileEncoding = 4; lastKnownFileType = sourcecode.c.h; path = VCKiPlayerEntity.h; sourceTree = "<group>"; };
		1003900118084F9F008B9453 /* VCKiPlayerEntity.m */ = {isa = PBXFileReference; fileEncoding = 4; lastKnownFileType = sourcecode.c.objc; path = VCKiPlayerEntity.m; sourceTree = "<group>"; };
		10039003180863C8008B9453 /* VCKiPlayerRecordReader.h */ = {isa = PBXFileReference; fileEncoding = 4; lastKnownFileType = sourcecode.c.h; path = VCKiPlayerRecordReader.h; sourceTree = "<group>"; };
		10039004180863C8008B9453 /* VCKiPlayerRecordReader.m */ = {isa = PBXFileReference; fileEncoding = 4; lastKnownFileType = sourcecode.c.objc; path = VCKiPlayerRecordReader.m; sourceTree = "<group>"; };
		100390061808782B008B9453 /* VCKiPlayScreenViewCtrl.h */ = {isa = PBXFileReference; fileEncoding = 4; lastKnownFileType = sourcecode.c.h; path = VCKiPlayScreenViewCtrl.h; sourceTree = "<group>"; };
		100390071808782B008B9453 /* VCKiPlayScreenViewCtrl.m */ = {isa = PBXFileReference; fileEncoding = 4; lastKnownFileType = sourcecode.c.objc; path = VCKiPlayScreenViewCtrl.m; sourceTree = "<group>"; };
		1003900B18093DBC008B9453 /* wood.jpg */ = {isa = PBXFileReference; lastKnownFileType = image.jpeg; path = wood.jpg; sourceTree = "<group>"; };
		1003900E180957D0008B9453 /* rikcy-pointing.jpg */ = {isa = PBXFileReference; lastKnownFileType = image.jpeg; path = "rikcy-pointing.jpg"; sourceTree = "<group>"; };
		1003901018096B4D008B9453 /* wood2.jpg */ = {isa = PBXFileReference; lastKnownFileType = image.jpeg; path = wood2.jpg; sourceTree = "<group>"; };
		100390121809D6E6008B9453 /* ResultScreen.jpg */ = {isa = PBXFileReference; lastKnownFileType = image.jpeg; path = ResultScreen.jpg; sourceTree = "<group>"; };
		101420BE1828B448001FF7FF /* VCKiTimerViewController.h */ = {isa = PBXFileReference; fileEncoding = 4; lastKnownFileType = sourcecode.c.h; path = VCKiTimerViewController.h; sourceTree = "<group>"; };
		101420BF1828B448001FF7FF /* VCKiTimerViewController.m */ = {isa = PBXFileReference; fileEncoding = 4; lastKnownFileType = sourcecode.c.objc; path = VCKiTimerViewController.m; sourceTree = "<group>"; };
		10185A20182FEC0300F5AF17 /* VCKiPlayResultViewController.h */ = {isa = PBXFileReference; fileEncoding = 4; lastKnownFileType = sourcecode.c.h; path = VCKiPlayResultViewController.h; sourceTree = "<group>"; };
		10185A21182FEC0300F5AF17 /* VCKiPlayResultViewController.m */ = {isa = PBXFileReference; fileEncoding = 4; lastKnownFileType = sourcecode.c.objc; path = VCKiPlayResultViewController.m; sourceTree = "<group>"; };
		101B95391804971C009FD942 /* VCKiManualPagesViewCtrl.h */ = {isa = PBXFileReference; fileEncoding = 4; lastKnownFileType = sourcecode.c.h; path = VCKiManualPagesViewCtrl.h; sourceTree = "<group>"; };
		101B953A1804971C009FD942 /* VCKiManualPagesViewCtrl.m */ = {isa = PBXFileReference; fileEncoding = 4; lastKnownFileType = sourcecode.c.objc; path = VCKiManualPagesViewCtrl.m; sourceTree = "<group>"; };
		101B953C180498B0009FD942 /* VCKiRootPageViewCtrl.h */ = {isa = PBXFileReference; fileEncoding = 4; lastKnownFileType = sourcecode.c.h; path = VCKiRootPageViewCtrl.h; sourceTree = "<group>"; };
		101B953D180498B0009FD942 /* VCKiRootPageViewCtrl.m */ = {isa = PBXFileReference; fileEncoding = 4; lastKnownFileType = sourcecode.c.objc; path = VCKiRootPageViewCtrl.m; sourceTree = "<group>"; };
		1031F97E182E2C1F00637D9E /* VCKiSeondarySquatViewController.h */ = {isa = PBXFileReference; fileEncoding = 4; lastKnownFileType = sourcecode.c.h; path = VCKiSeondarySquatViewController.h; sourceTree = "<group>"; };
		1031F97F182E2C1F00637D9E /* VCKiSeondarySquatViewController.m */ = {isa = PBXFileReference; fileEncoding = 4; lastKnownFileType = sourcecode.c.objc; path = VCKiSeondarySquatViewController.m; sourceTree = "<group>"; };
		103433C9180DBA8B00058CC1 /* 1.png */ = {isa = PBXFileReference; lastKnownFileType = image.png; name = 1.png; path = Pattern/1.png; sourceTree = "<group>"; };
		103433CB180DBF5F00058CC1 /* 2.png */ = {isa = PBXFileReference; lastKnownFileType = image.png; name = 2.png; path = Pattern/2.png; sourceTree = "<group>"; };
		1042BE8217FC829D00FE9298 /* PlayerCards.app */ = {isa = PBXFileReference; explicitFileType = wrapper.application; includeInIndex = 0; path = PlayerCards.app; sourceTree = BUILT_PRODUCTS_DIR; };
		1042BE8517FC829D00FE9298 /* Foundation.framework */ = {isa = PBXFileReference; lastKnownFileType = wrapper.framework; name = Foundation.framework; path = System/Library/Frameworks/Foundation.framework; sourceTree = SDKROOT; };
		1042BE8717FC829D00FE9298 /* CoreGraphics.framework */ = {isa = PBXFileReference; lastKnownFileType = wrapper.framework; name = CoreGraphics.framework; path = System/Library/Frameworks/CoreGraphics.framework; sourceTree = SDKROOT; };
		1042BE8917FC829D00FE9298 /* UIKit.framework */ = {isa = PBXFileReference; lastKnownFileType = wrapper.framework; name = UIKit.framework; path = System/Library/Frameworks/UIKit.framework; sourceTree = SDKROOT; };
		1042BE8D17FC829D00FE9298 /* PlayerCards-Info.plist */ = {isa = PBXFileReference; lastKnownFileType = text.plist.xml; path = "PlayerCards-Info.plist"; sourceTree = "<group>"; };
		1042BE8F17FC829D00FE9298 /* en */ = {isa = PBXFileReference; lastKnownFileType = text.plist.strings; name = en; path = en.lproj/InfoPlist.strings; sourceTree = "<group>"; };
		1042BE9117FC829D00FE9298 /* main.m */ = {isa = PBXFileReference; lastKnownFileType = sourcecode.c.objc; path = main.m; sourceTree = "<group>"; };
		1042BE9317FC829D00FE9298 /* PlayerCards-Prefix.pch */ = {isa = PBXFileReference; lastKnownFileType = sourcecode.c.h; path = "PlayerCards-Prefix.pch"; sourceTree = "<group>"; };
		1042BE9417FC829D00FE9298 /* VCKiAppDelegate.h */ = {isa = PBXFileReference; lastKnownFileType = sourcecode.c.h; path = VCKiAppDelegate.h; sourceTree = "<group>"; };
		1042BE9517FC829D00FE9298 /* VCKiAppDelegate.m */ = {isa = PBXFileReference; lastKnownFileType = sourcecode.c.objc; path = VCKiAppDelegate.m; sourceTree = "<group>"; };
		1042BE9717FC829D00FE9298 /* Images.xcassets */ = {isa = PBXFileReference; lastKnownFileType = folder.assetcatalog; path = Images.xcassets; sourceTree = "<group>"; };
		1042BE9D17FC829D00FE9298 /* PlayerCardsTests.xctest */ = {isa = PBXFileReference; explicitFileType = wrapper.cfbundle; includeInIndex = 0; path = PlayerCardsTests.xctest; sourceTree = BUILT_PRODUCTS_DIR; };
		1042BE9E17FC829D00FE9298 /* XCTest.framework */ = {isa = PBXFileReference; lastKnownFileType = wrapper.framework; name = XCTest.framework; path = Library/Frameworks/XCTest.framework; sourceTree = DEVELOPER_DIR; };
		1042BEA617FC829D00FE9298 /* PlayerCardsTests-Info.plist */ = {isa = PBXFileReference; lastKnownFileType = text.plist.xml; path = "PlayerCardsTests-Info.plist"; sourceTree = "<group>"; };
		1042BEA817FC829D00FE9298 /* en */ = {isa = PBXFileReference; lastKnownFileType = text.plist.strings; name = en; path = en.lproj/InfoPlist.strings; sourceTree = "<group>"; };
		1042BEAA17FC829D00FE9298 /* PlayerCardsTests.m */ = {isa = PBXFileReference; lastKnownFileType = sourcecode.c.objc; path = PlayerCardsTests.m; sourceTree = "<group>"; };
		1042BEB417FC82F000FE9298 /* iPhonePlayerCardsMain.storyboard */ = {isa = PBXFileReference; fileEncoding = 4; lastKnownFileType = file.storyboard; path = iPhonePlayerCardsMain.storyboard; sourceTree = "<group>"; };
		1042BEBA17FC889A00FE9298 /* PlayerFirstscreen.png */ = {isa = PBXFileReference; lastKnownFileType = image.png; path = PlayerFirstscreen.png; sourceTree = "<group>"; };
		1042BEBC17FDF35100FE9298 /* VCKiIntroViews.h */ = {isa = PBXFileReference; fileEncoding = 4; lastKnownFileType = sourcecode.c.h; path = VCKiIntroViews.h; sourceTree = "<group>"; };
		1042BEBD17FDF35100FE9298 /* VCKiIntroViews.m */ = {isa = PBXFileReference; fileEncoding = 4; lastKnownFileType = sourcecode.c.objc; path = VCKiIntroViews.m; sourceTree = "<group>"; };
		10710D54180BCC17003F26BD /* PreResultScreen.jpg */ = {isa = PBXFileReference; lastKnownFileType = image.jpeg; path = PreResultScreen.jpg; sourceTree = "<group>"; };
		10710D56180C0B0C003F26BD /* MahimulHaq.jpg */ = {isa = PBXFileReference; lastKnownFileType = image.jpeg; path = MahimulHaq.jpg; sourceTree = "<group>"; };
		10A49CAA18131BFB00DA5609 /* VCKiPrimarySquadIViewCtrl.h */ = {isa = PBXFileReference; fileEncoding = 4; lastKnownFileType = sourcecode.c.h; path = VCKiPrimarySquadIViewCtrl.h; sourceTree = "<group>"; };
		10A49CAB18131BFB00DA5609 /* VCKiPrimarySquadIViewCtrl.m */ = {isa = PBXFileReference; fileEncoding = 4; lastKnownFileType = sourcecode.c.objc; path = VCKiPrimarySquadIViewCtrl.m; sourceTree = "<group>"; };
		10FE013E180A7527007CF6F8 /* VCKiConfirmBetScreenViewCtrl.h */ = {isa = PBXFileReference; fileEncoding = 4; lastKnownFileType = sourcecode.c.h; path = VCKiConfirmBetScreenViewCtrl.h; sourceTree = "<group>"; };
		10FE013F180A7527007CF6F8 /* VCKiConfirmBetScreenViewCtrl.m */ = {isa = PBXFileReference; fileEncoding = 4; lastKnownFileType = sourcecode.c.objc; path = VCKiConfirmBetScreenViewCtrl.m; sourceTree = "<group>"; };
/* End PBXFileReference section */

/* Begin PBXFrameworksBuildPhase section */
		1042BE7F17FC829D00FE9298 /* Frameworks */ = {
			isa = PBXFrameworksBuildPhase;
			buildActionMask = 2147483647;
			files = (
				1042BE8817FC829D00FE9298 /* CoreGraphics.framework in Frameworks */,
				1042BE8A17FC829D00FE9298 /* UIKit.framework in Frameworks */,
				1042BE8617FC829D00FE9298 /* Foundation.framework in Frameworks */,
			);
			runOnlyForDeploymentPostprocessing = 0;
		};
		1042BE9A17FC829D00FE9298 /* Frameworks */ = {
			isa = PBXFrameworksBuildPhase;
			buildActionMask = 2147483647;
			files = (
				1042BE9F17FC829D00FE9298 /* XCTest.framework in Frameworks */,
				1042BEA117FC829D00FE9298 /* UIKit.framework in Frameworks */,
				1042BEA017FC829D00FE9298 /* Foundation.framework in Frameworks */,
			);
			runOnlyForDeploymentPostprocessing = 0;
		};
/* End PBXFrameworksBuildPhase section */

/* Begin PBXGroup section */
		1003900D18095776008B9453 /* playerImages */ = {
			isa = PBXGroup;
			children = (
				10710D56180C0B0C003F26BD /* MahimulHaq.jpg */,
				1003900E180957D0008B9453 /* rikcy-pointing.jpg */,
			);
			name = playerImages;
			sourceTree = "<group>";
		};
		1042BE7917FC829C00FE9298 = {
			isa = PBXGroup;
			children = (
				1042BE8B17FC829D00FE9298 /* PlayerCards */,
				1042BEA417FC829D00FE9298 /* PlayerCardsTests */,
				1042BE8417FC829D00FE9298 /* Frameworks */,
				1042BE8317FC829D00FE9298 /* Products */,
			);
			sourceTree = "<group>";
		};
		1042BE8317FC829D00FE9298 /* Products */ = {
			isa = PBXGroup;
			children = (
				1042BE8217FC829D00FE9298 /* PlayerCards.app */,
				1042BE9D17FC829D00FE9298 /* PlayerCardsTests.xctest */,
			);
			name = Products;
			sourceTree = "<group>";
		};
		1042BE8417FC829D00FE9298 /* Frameworks */ = {
			isa = PBXGroup;
			children = (
				1042BE8517FC829D00FE9298 /* Foundation.framework */,
				1042BE8717FC829D00FE9298 /* CoreGraphics.framework */,
				1042BE8917FC829D00FE9298 /* UIKit.framework */,
				1042BE9E17FC829D00FE9298 /* XCTest.framework */,
			);
			name = Frameworks;
			sourceTree = "<group>";
		};
		1042BE8B17FC829D00FE9298 /* PlayerCards */ = {
			isa = PBXGroup;
			children = (
				1042BEB417FC82F000FE9298 /* iPhonePlayerCardsMain.storyboard */,
				10FE0143180ACBC4007CF6F8 /* applicationLogic */,
				10FE0142180ACB7C007CF6F8 /* resources */,
				10FE0141180ACAB3007CF6F8 /* viewControllers */,
				1003900D18095776008B9453 /* playerImages */,
				1042BE9417FC829D00FE9298 /* VCKiAppDelegate.h */,
				1042BE9517FC829D00FE9298 /* VCKiAppDelegate.m */,
				1042BE9717FC829D00FE9298 /* Images.xcassets */,
				1042BE8C17FC829D00FE9298 /* Supporting Files */,
			);
			path = PlayerCards;
			sourceTree = "<group>";
		};
		1042BE8C17FC829D00FE9298 /* Supporting Files */ = {
			isa = PBXGroup;
			children = (
				1042BE8D17FC829D00FE9298 /* PlayerCards-Info.plist */,
				1042BE8E17FC829D00FE9298 /* InfoPlist.strings */,
				1042BE9117FC829D00FE9298 /* main.m */,
				1042BE9317FC829D00FE9298 /* PlayerCards-Prefix.pch */,
			);
			name = "Supporting Files";
			sourceTree = "<group>";
		};
		1042BEA417FC829D00FE9298 /* PlayerCardsTests */ = {
			isa = PBXGroup;
			children = (
				1042BEAA17FC829D00FE9298 /* PlayerCardsTests.m */,
				1042BEA517FC829D00FE9298 /* Supporting Files */,
			);
			path = PlayerCardsTests;
			sourceTree = "<group>";
		};
		1042BEA517FC829D00FE9298 /* Supporting Files */ = {
			isa = PBXGroup;
			children = (
				1042BEA617FC829D00FE9298 /* PlayerCardsTests-Info.plist */,
				1042BEA717FC829D00FE9298 /* InfoPlist.strings */,
			);
			name = "Supporting Files";
			sourceTree = "<group>";
		};
		10FE0141180ACAB3007CF6F8 /* viewControllers */ = {
			isa = PBXGroup;
			children = (
				101420BE1828B448001FF7FF /* VCKiTimerViewController.h */,
				101420BF1828B448001FF7FF /* VCKiTimerViewController.m */,
				1042BEBC17FDF35100FE9298 /* VCKiIntroViews.h */,
				1042BEBD17FDF35100FE9298 /* VCKiIntroViews.m */,
				101B95391804971C009FD942 /* VCKiManualPagesViewCtrl.h */,
				101B953A1804971C009FD942 /* VCKiManualPagesViewCtrl.m */,
				101B953C180498B0009FD942 /* VCKiRootPageViewCtrl.h */,
				101B953D180498B0009FD942 /* VCKiRootPageViewCtrl.m */,
				100390061808782B008B9453 /* VCKiPlayScreenViewCtrl.h */,
				100390071808782B008B9453 /* VCKiPlayScreenViewCtrl.m */,
				10FE013E180A7527007CF6F8 /* VCKiConfirmBetScreenViewCtrl.h */,
				10FE013F180A7527007CF6F8 /* VCKiConfirmBetScreenViewCtrl.m */,
				10A49CAA18131BFB00DA5609 /* VCKiPrimarySquadIViewCtrl.h */,
				10A49CAB18131BFB00DA5609 /* VCKiPrimarySquadIViewCtrl.m */,
				1031F97E182E2C1F00637D9E /* VCKiSeondarySquatViewController.h */,
				1031F97F182E2C1F00637D9E /* VCKiSeondarySquatViewController.m */,
				10185A20182FEC0300F5AF17 /* VCKiPlayResultViewController.h */,
				10185A21182FEC0300F5AF17 /* VCKiPlayResultViewController.m */,
			);
			name = viewControllers;
			sourceTree = "<group>";
		};
		10FE0142180ACB7C007CF6F8 /* resources */ = {
			isa = PBXGroup;
			children = (
				103433CB180DBF5F00058CC1 /* 2.png */,
				103433C9180DBA8B00058CC1 /* 1.png */,
				10710D54180BCC17003F26BD /* PreResultScreen.jpg */,
				1003901018096B4D008B9453 /* wood2.jpg */,
				10038FF91807B1E6008B9453 /* playerData.plist */,
				10038FFB1807D2A8008B9453 /* manualPages.plist */,
				100390121809D6E6008B9453 /* ResultScreen.jpg */,
				1042BEBA17FC889A00FE9298 /* PlayerFirstscreen.png */,
				1003900B18093DBC008B9453 /* wood.jpg */,
			);
			name = resources;
			sourceTree = "<group>";
		};
		10FE0143180ACBC4007CF6F8 /* applicationLogic */ = {
			isa = PBXGroup;
			children = (
				10038FFD1807D41C008B9453 /* VCKiManualPageContentSerializer.h */,
				10038FFE1807D41C008B9453 /* VCKiManualPageContentSerializer.m */,
				1003900018084F9F008B9453 /* VCKiPlayerEntity.h */,
				1003900118084F9F008B9453 /* VCKiPlayerEntity.m */,
				10039003180863C8008B9453 /* VCKiPlayerRecordReader.h */,
				10039004180863C8008B9453 /* VCKiPlayerRecordReader.m */,
			);
			name = applicationLogic;
			sourceTree = "<group>";
		};
/* End PBXGroup section */

/* Begin PBXNativeTarget section */
		1042BE8117FC829D00FE9298 /* PlayerCards */ = {
			isa = PBXNativeTarget;
			buildConfigurationList = 1042BEAE17FC829D00FE9298 /* Build configuration list for PBXNativeTarget "PlayerCards" */;
			buildPhases = (
				1042BE7E17FC829D00FE9298 /* Sources */,
				1042BE7F17FC829D00FE9298 /* Frameworks */,
				1042BE8017FC829D00FE9298 /* Resources */,
			);
			buildRules = (
			);
			dependencies = (
			);
			name = PlayerCards;
			productName = PlayerCards;
			productReference = 1042BE8217FC829D00FE9298 /* PlayerCards.app */;
			productType = "com.apple.product-type.application";
		};
		1042BE9C17FC829D00FE9298 /* PlayerCardsTests */ = {
			isa = PBXNativeTarget;
			buildConfigurationList = 1042BEB117FC829D00FE9298 /* Build configuration list for PBXNativeTarget "PlayerCardsTests" */;
			buildPhases = (
				1042BE9917FC829D00FE9298 /* Sources */,
				1042BE9A17FC829D00FE9298 /* Frameworks */,
				1042BE9B17FC829D00FE9298 /* Resources */,
			);
			buildRules = (
			);
			dependencies = (
				1042BEA317FC829D00FE9298 /* PBXTargetDependency */,
			);
			name = PlayerCardsTests;
			productName = PlayerCardsTests;
			productReference = 1042BE9D17FC829D00FE9298 /* PlayerCardsTests.xctest */;
			productType = "com.apple.product-type.bundle.unit-test";
		};
/* End PBXNativeTarget section */

/* Begin PBXProject section */
		1042BE7A17FC829D00FE9298 /* Project object */ = {
			isa = PBXProject;
			attributes = {
				CLASSPREFIX = VCKi;
				LastUpgradeCheck = 0500;
				ORGANIZATIONNAME = VenCKi;
				TargetAttributes = {
					1042BE9C17FC829D00FE9298 = {
						TestTargetID = 1042BE8117FC829D00FE9298;
					};
				};
			};
			buildConfigurationList = 1042BE7D17FC829D00FE9298 /* Build configuration list for PBXProject "PlayerCards" */;
			compatibilityVersion = "Xcode 3.2";
			developmentRegion = English;
			hasScannedForEncodings = 0;
			knownRegions = (
				en,
			);
			mainGroup = 1042BE7917FC829C00FE9298;
			productRefGroup = 1042BE8317FC829D00FE9298 /* Products */;
			projectDirPath = "";
			projectRoot = "";
			targets = (
				1042BE8117FC829D00FE9298 /* PlayerCards */,
				1042BE9C17FC829D00FE9298 /* PlayerCardsTests */,
			);
		};
/* End PBXProject section */

/* Begin PBXResourcesBuildPhase section */
		1042BE8017FC829D00FE9298 /* Resources */ = {
			isa = PBXResourcesBuildPhase;
			buildActionMask = 2147483647;
			files = (
				1003900F180957D0008B9453 /* rikcy-pointing.jpg in Resources */,
				1042BEB517FC82F000FE9298 /* iPhonePlayerCardsMain.storyboard in Resources */,
				103433CC180DBF5F00058CC1 /* 2.png in Resources */,
				100390131809D6E6008B9453 /* ResultScreen.jpg in Resources */,
				10038FFC1807D2A8008B9453 /* manualPages.plist in Resources */,
				1042BEBB17FC889A00FE9298 /* PlayerFirstscreen.png in Resources */,
				103433CA180DBA8B00058CC1 /* 1.png in Resources */,
				1003901118096B4D008B9453 /* wood2.jpg in Resources */,
				10038FFA1807B1E6008B9453 /* playerData.plist in Resources */,
				1042BE9017FC829D00FE9298 /* InfoPlist.strings in Resources */,
				10710D57180C0B0C003F26BD /* MahimulHaq.jpg in Resources */,
				1042BE9817FC829D00FE9298 /* Images.xcassets in Resources */,
				1003900C18093DBC008B9453 /* wood.jpg in Resources */,
				10710D55180BCC17003F26BD /* PreResultScreen.jpg in Resources */,
			);
			runOnlyForDeploymentPostprocessing = 0;
		};
		1042BE9B17FC829D00FE9298 /* Resources */ = {
			isa = PBXResourcesBuildPhase;
			buildActionMask = 2147483647;
			files = (
				1042BEA917FC829D00FE9298 /* InfoPlist.strings in Resources */,
			);
			runOnlyForDeploymentPostprocessing = 0;
		};
/* End PBXResourcesBuildPhase section */

/* Begin PBXSourcesBuildPhase section */
		1042BE7E17FC829D00FE9298 /* Sources */ = {
			isa = PBXSourcesBuildPhase;
			buildActionMask = 2147483647;
			files = (
				1042BE9217FC829D00FE9298 /* main.m in Sources */,
				101420C01828B448001FF7FF /* VCKiTimerViewController.m in Sources */,
				1042BEBE17FDF35100FE9298 /* VCKiIntroViews.m in Sources */,
				1042BE9617FC829D00FE9298 /* VCKiAppDelegate.m in Sources */,
				10185A22182FEC0300F5AF17 /* VCKiPlayResultViewController.m in Sources */,
				10A49CAC18131BFB00DA5609 /* VCKiPrimarySquadIViewCtrl.m in Sources */,
				101B953E180498B0009FD942 /* VCKiRootPageViewCtrl.m in Sources */,
				101B953B1804971C009FD942 /* VCKiManualPagesViewCtrl.m in Sources */,
				1031F980182E2C1F00637D9E /* VCKiSeondarySquatViewController.m in Sources */,
				1003900218084F9F008B9453 /* VCKiPlayerEntity.m in Sources */,
				100390081808782B008B9453 /* VCKiPlayScreenViewCtrl.m in Sources */,
				10038FFF1807D41C008B9453 /* VCKiManualPageContentSerializer.m in Sources */,
				10039005180863C8008B9453 /* VCKiPlayerRecordReader.m in Sources */,
				10FE0140180A7527007CF6F8 /* VCKiConfirmBetScreenViewCtrl.m in Sources */,
			);
			runOnlyForDeploymentPostprocessing = 0;
		};
		1042BE9917FC829D00FE9298 /* Sources */ = {
			isa = PBXSourcesBuildPhase;
			buildActionMask = 2147483647;
			files = (
				1042BEAB17FC829D00FE9298 /* PlayerCardsTests.m in Sources */,
			);
			runOnlyForDeploymentPostprocessing = 0;
		};
/* End PBXSourcesBuildPhase section */

/* Begin PBXTargetDependency section */
		1042BEA317FC829D00FE9298 /* PBXTargetDependency */ = {
			isa = PBXTargetDependency;
			target = 1042BE8117FC829D00FE9298 /* PlayerCards */;
			targetProxy = 1042BEA217FC829D00FE9298 /* PBXContainerItemProxy */;
		};
/* End PBXTargetDependency section */

/* Begin PBXVariantGroup section */
		1042BE8E17FC829D00FE9298 /* InfoPlist.strings */ = {
			isa = PBXVariantGroup;
			children = (
				1042BE8F17FC829D00FE9298 /* en */,
			);
			name = InfoPlist.strings;
			sourceTree = "<group>";
		};
		1042BEA717FC829D00FE9298 /* InfoPlist.strings */ = {
			isa = PBXVariantGroup;
			children = (
				1042BEA817FC829D00FE9298 /* en */,
			);
			name = InfoPlist.strings;
			sourceTree = "<group>";
		};
/* End PBXVariantGroup section */

/* Begin XCBuildConfiguration section */
		1042BEAC17FC829D00FE9298 /* Debug */ = {
			isa = XCBuildConfiguration;
			buildSettings = {
				ALWAYS_SEARCH_USER_PATHS = NO;
				ARCHS = "$(ARCHS_STANDARD_INCLUDING_64_BIT)";
				CLANG_CXX_LANGUAGE_STANDARD = "gnu++0x";
				CLANG_CXX_LIBRARY = "libc++";
				CLANG_ENABLE_MODULES = YES;
				CLANG_ENABLE_OBJC_ARC = YES;
				CLANG_WARN_BOOL_CONVERSION = YES;
				CLANG_WARN_CONSTANT_CONVERSION = YES;
				CLANG_WARN_DIRECT_OBJC_ISA_USAGE = YES_ERROR;
				CLANG_WARN_EMPTY_BODY = YES;
				CLANG_WARN_ENUM_CONVERSION = YES;
				CLANG_WARN_INT_CONVERSION = YES;
				CLANG_WARN_OBJC_ROOT_CLASS = YES_ERROR;
				CLANG_WARN__DUPLICATE_METHOD_MATCH = YES;
				CODE_SIGN_IDENTITY = "iPhone Developer: ADP India (SS42A4AAFV)";
				"CODE_SIGN_IDENTITY[sdk=iphoneos*]" = "iPhone Developer";
				COPY_PHASE_STRIP = NO;
				GCC_C_LANGUAGE_STANDARD = gnu99;
				GCC_DYNAMIC_NO_PIC = NO;
				GCC_OPTIMIZATION_LEVEL = 0;
				GCC_PREPROCESSOR_DEFINITIONS = (
					"DEBUG=1",
					"$(inherited)",
				);
				GCC_SYMBOLS_PRIVATE_EXTERN = NO;
				GCC_WARN_64_TO_32_BIT_CONVERSION = YES;
				GCC_WARN_ABOUT_RETURN_TYPE = YES_ERROR;
				GCC_WARN_UNDECLARED_SELECTOR = YES;
				GCC_WARN_UNINITIALIZED_AUTOS = YES;
				GCC_WARN_UNUSED_FUNCTION = YES;
				GCC_WARN_UNUSED_VARIABLE = YES;
				IPHONEOS_DEPLOYMENT_TARGET = 7.0;
				ONLY_ACTIVE_ARCH = YES;
				SDKROOT = iphoneos;
				TARGETED_DEVICE_FAMILY = "1,2";
			};
			name = Debug;
		};
		1042BEAD17FC829D00FE9298 /* Release */ = {
			isa = XCBuildConfiguration;
			buildSettings = {
				ALWAYS_SEARCH_USER_PATHS = NO;
				ARCHS = "$(ARCHS_STANDARD_INCLUDING_64_BIT)";
				CLANG_CXX_LANGUAGE_STANDARD = "gnu++0x";
				CLANG_CXX_LIBRARY = "libc++";
				CLANG_ENABLE_MODULES = YES;
				CLANG_ENABLE_OBJC_ARC = YES;
				CLANG_WARN_BOOL_CONVERSION = YES;
				CLANG_WARN_CONSTANT_CONVERSION = YES;
				CLANG_WARN_DIRECT_OBJC_ISA_USAGE = YES_ERROR;
				CLANG_WARN_EMPTY_BODY = YES;
				CLANG_WARN_ENUM_CONVERSION = YES;
				CLANG_WARN_INT_CONVERSION = YES;
				CLANG_WARN_OBJC_ROOT_CLASS = YES_ERROR;
				CLANG_WARN__DUPLICATE_METHOD_MATCH = YES;
				CODE_SIGN_IDENTITY = "iPhone Developer: ADP India (SS42A4AAFV)";
				"CODE_SIGN_IDENTITY[sdk=iphoneos*]" = "iPhone Developer";
				COPY_PHASE_STRIP = YES;
				ENABLE_NS_ASSERTIONS = NO;
				GCC_C_LANGUAGE_STANDARD = gnu99;
				GCC_WARN_64_TO_32_BIT_CONVERSION = YES;
				GCC_WARN_ABOUT_RETURN_TYPE = YES_ERROR;
				GCC_WARN_UNDECLARED_SELECTOR = YES;
				GCC_WARN_UNINITIALIZED_AUTOS = YES;
				GCC_WARN_UNUSED_FUNCTION = YES;
				GCC_WARN_UNUSED_VARIABLE = YES;
				IPHONEOS_DEPLOYMENT_TARGET = 7.0;
				SDKROOT = iphoneos;
				TARGETED_DEVICE_FAMILY = "1,2";
				VALIDATE_PRODUCT = YES;
			};
			name = Release;
		};
		1042BEAF17FC829D00FE9298 /* Debug */ = {
			isa = XCBuildConfiguration;
			buildSettings = {
				ASSETCATALOG_COMPILER_APPICON_NAME = AppIcon;
				ASSETCATALOG_COMPILER_LAUNCHIMAGE_NAME = LaunchImage;
				GCC_PRECOMPILE_PREFIX_HEADER = YES;
				GCC_PREFIX_HEADER = "PlayerCards/PlayerCards-Prefix.pch";
				INFOPLIST_FILE = "PlayerCards/PlayerCards-Info.plist";
				PRODUCT_NAME = "$(TARGET_NAME)";
				TARGETED_DEVICE_FAMILY = 1;
				WRAPPER_EXTENSION = app;
			};
			name = Debug;
		};
		1042BEB017FC829D00FE9298 /* Release */ = {
			isa = XCBuildConfiguration;
			buildSettings = {
				ASSETCATALOG_COMPILER_APPICON_NAME = AppIcon;
				ASSETCATALOG_COMPILER_LAUNCHIMAGE_NAME = LaunchImage;
				GCC_PRECOMPILE_PREFIX_HEADER = YES;
				GCC_PREFIX_HEADER = "PlayerCards/PlayerCards-Prefix.pch";
				INFOPLIST_FILE = "PlayerCards/PlayerCards-Info.plist";
				PRODUCT_NAME = "$(TARGET_NAME)";
				TARGETED_DEVICE_FAMILY = 1;
				WRAPPER_EXTENSION = app;
			};
			name = Release;
		};
		1042BEB217FC829D00FE9298 /* Debug */ = {
			isa = XCBuildConfiguration;
			buildSettings = {
				ARCHS = "$(ARCHS_STANDARD_INCLUDING_64_BIT)";
				BUNDLE_LOADER = "$(BUILT_PRODUCTS_DIR)/PlayerCards.app/PlayerCards";
				FRAMEWORK_SEARCH_PATHS = (
					"$(SDKROOT)/Developer/Library/Frameworks",
					"$(inherited)",
					"$(DEVELOPER_FRAMEWORKS_DIR)",
				);
				GCC_PRECOMPILE_PREFIX_HEADER = YES;
				GCC_PREFIX_HEADER = "PlayerCards/PlayerCards-Prefix.pch";
				GCC_PREPROCESSOR_DEFINITIONS = (
					"DEBUG=1",
					"$(inherited)",
				);
				INFOPLIST_FILE = "PlayerCardsTests/PlayerCardsTests-Info.plist";
				PRODUCT_NAME = "$(TARGET_NAME)";
				TEST_HOST = "$(BUNDLE_LOADER)";
				WRAPPER_EXTENSION = xctest;
			};
			name = Debug;
		};
		1042BEB317FC829D00FE9298 /* Release */ = {
			isa = XCBuildConfiguration;
			buildSettings = {
				ARCHS = "$(ARCHS_STANDARD_INCLUDING_64_BIT)";
				BUNDLE_LOADER = "$(BUILT_PRODUCTS_DIR)/PlayerCards.app/PlayerCards";
				FRAMEWORK_SEARCH_PATHS = (
					"$(SDKROOT)/Developer/Library/Frameworks",
					"$(inherited)",
					"$(DEVELOPER_FRAMEWORKS_DIR)",
				);
				GCC_PRECOMPILE_PREFIX_HEADER = YES;
				GCC_PREFIX_HEADER = "PlayerCards/PlayerCards-Prefix.pch";
				INFOPLIST_FILE = "PlayerCardsTests/PlayerCardsTests-Info.plist";
				PRODUCT_NAME = "$(TARGET_NAME)";
				TEST_HOST = "$(BUNDLE_LOADER)";
				WRAPPER_EXTENSION = xctest;
			};
			name = Release;
		};
/* End XCBuildConfiguration section */

/* Begin XCConfigurationList section */
		1042BE7D17FC829D00FE9298 /* Build configuration list for PBXProject "PlayerCards" */ = {
			isa = XCConfigurationList;
			buildConfigurations = (
				1042BEAC17FC829D00FE9298 /* Debug */,
				1042BEAD17FC829D00FE9298 /* Release */,
			);
			defaultConfigurationIsVisible = 0;
			defaultConfigurationName = Release;
		};
		1042BEAE17FC829D00FE9298 /* Build configuration list for PBXNativeTarget "PlayerCards" */ = {
			isa = XCConfigurationList;
			buildConfigurations = (
				1042BEAF17FC829D00FE9298 /* Debug */,
				1042BEB017FC829D00FE9298 /* Release */,
			);
			defaultConfigurationIsVisible = 0;
			defaultConfigurationName = Release;
		};
		1042BEB117FC829D00FE9298 /* Build configuration list for PBXNativeTarget "PlayerCardsTests" */ = {
			isa = XCConfigurationList;
			buildConfigurations = (
				1042BEB217FC829D00FE9298 /* Debug */,
				1042BEB317FC829D00FE9298 /* Release */,
			);
			defaultConfigurationIsVisible = 0;
			defaultConfigurationName = Release;
		};
/* End XCConfigurationList section */
	};
	rootObject = 1042BE7A17FC829D00FE9298 /* Project object */;
}
